// !$*UTF8*$!
{
	archiveVersion = 1;
	classes = {
	};
	objectVersion = 46;
	objects = {

/* Begin PBXBuildFile section */
		6D030BA318CB8BC900C3B95C /* DDCustomValidation.m in Sources */ = {isa = PBXBuildFile; fileRef = 6D030BA218CB8BC900C3B95C /* DDCustomValidation.m */; };
		6D03B0AF184C976800399A7D /* DDPlayerMiniatureCollectionViewCell.m in Sources */ = {isa = PBXBuildFile; fileRef = 6D03B0AE184C976800399A7D /* DDPlayerMiniatureCollectionViewCell.m */; };
		6D1B756918B7AF4B000D0B12 /* DDTaskEventViewController.m in Sources */ = {isa = PBXBuildFile; fileRef = 6D1B756818B7AF4B000D0B12 /* DDTaskEventViewController.m */; };
		6D29FC00184282C90059AA35 /* DDEventView.m in Sources */ = {isa = PBXBuildFile; fileRef = 6D29FBFF184282C90059AA35 /* DDEventView.m */; };
		6D2E618318D0E976001A971B /* DDEventManagerTableViewController.m in Sources */ = {isa = PBXBuildFile; fileRef = 6D2E618218D0E976001A971B /* DDEventManagerTableViewController.m */; };
		6D32CAE7189B9FCC00FD2B3F /* DDPodiumViewController.m in Sources */ = {isa = PBXBuildFile; fileRef = 6D32CAE6189B9FCC00FD2B3F /* DDPodiumViewController.m */; };
		6D32CAEB189BDBEB00FD2B3F /* DDHistogramView.m in Sources */ = {isa = PBXBuildFile; fileRef = 6D32CAEA189BDBEB00FD2B3F /* DDHistogramView.m */; };
		6D32CAF0189BFF1200FD2B3F /* Images.xcassets in Resources */ = {isa = PBXBuildFile; fileRef = 6D32CAEF189BFF1200FD2B3F /* Images.xcassets */; };
		6D33D449189FA8460057D168 /* DDSettingViewController.m in Sources */ = {isa = PBXBuildFile; fileRef = 6D33D448189FA8460057D168 /* DDSettingViewController.m */; };
		6D33D7461855D27F001E1B3A /* DDRootPodiumViewController.m in Sources */ = {isa = PBXBuildFile; fileRef = 6D33D7451855D27F001E1B3A /* DDRootPodiumViewController.m */; };
		6D39975D19A737F8005AB9B0 /* DDMeteoViewController.m in Sources */ = {isa = PBXBuildFile; fileRef = 6D39975C19A737F8005AB9B0 /* DDMeteoViewController.m */; };
		6D39976219A7A411005AB9B0 /* Localizable.strings in Resources */ = {isa = PBXBuildFile; fileRef = 6D39976419A7A411005AB9B0 /* Localizable.strings */; };
		6D39976819A7A687005AB9B0 /* Main.storyboard in Resources */ = {isa = PBXBuildFile; fileRef = 6D39976A19A7A687005AB9B0 /* Main.storyboard */; };
		6D3A26B818B7956600545FF2 /* DDCustomOccurenceCell.m in Sources */ = {isa = PBXBuildFile; fileRef = 6D3A26B718B7956600545FF2 /* DDCustomOccurenceCell.m */; };
		6D3A26BC18B7A1FB00545FF2 /* DDCategoriesListEventViewController.m in Sources */ = {isa = PBXBuildFile; fileRef = 6D3A26BB18B7A1FB00545FF2 /* DDCategoriesListEventViewController.m */; };
		6D3CBC5019A4D9210067CBCF /* NKOColorPickerView.m in Sources */ = {isa = PBXBuildFile; fileRef = 6D3CBC4F19A4D9210067CBCF /* NKOColorPickerView.m */; };
		6D4563CF19752CC400FB668A /* RecurrenceEnd.m in Sources */ = {isa = PBXBuildFile; fileRef = 6D4563CE19752CC400FB668A /* RecurrenceEnd.m */; };
		6D4563D219752CC500FB668A /* Event.m in Sources */ = {isa = PBXBuildFile; fileRef = 6D4563D119752CC500FB668A /* Event.m */; };
		6D46EB9A1843486F00287ACC /* DDPlayerViewController.m in Sources */ = {isa = PBXBuildFile; fileRef = 6D46EB991843486F00287ACC /* DDPlayerViewController.m */; };
		6D4D429E19266C0D008A7B75 /* DDCustomButton.m in Sources */ = {isa = PBXBuildFile; fileRef = 6D4D429D19266C0D008A7B75 /* DDCustomButton.m */; };
		6D5549F01844ECC7009022C5 /* DDPopOverViewController.m in Sources */ = {isa = PBXBuildFile; fileRef = 6D5549EF1844ECC7009022C5 /* DDPopOverViewController.m */; };
		6D5549F41844F823009022C5 /* DDPlayerManagerViewController.m in Sources */ = {isa = PBXBuildFile; fileRef = 6D5549F31844F823009022C5 /* DDPlayerManagerViewController.m */; };
		6D5E3D3718C36F2E003BA0F2 /* DDEventInfosViewController.m in Sources */ = {isa = PBXBuildFile; fileRef = 6D5E3D3618C36F2E003BA0F2 /* DDEventInfosViewController.m */; };
		6D5E3D3B18C374AF003BA0F2 /* DDCustomEventCell.m in Sources */ = {isa = PBXBuildFile; fileRef = 6D5E3D3A18C374AF003BA0F2 /* DDCustomEventCell.m */; };
		6D61F6631851DBB600759AFC /* DDCategorieListViewController.m in Sources */ = {isa = PBXBuildFile; fileRef = 6D61F6621851DBB600759AFC /* DDCategorieListViewController.m */; };
		6D61F6671851DC1400759AFC /* DDCustomCategoryListCell.m in Sources */ = {isa = PBXBuildFile; fileRef = 6D61F6661851DC1400759AFC /* DDCustomCategoryListCell.m */; };
		6D62E88518479AD500D376FA /* DDCustomNavigationBarController.m in Sources */ = {isa = PBXBuildFile; fileRef = 6D62E88418479AD500D376FA /* DDCustomNavigationBarController.m */; };
		6D6A1BF9184DDA6400319C71 /* DDParserXML.m in Sources */ = {isa = PBXBuildFile; fileRef = 6D6A1BF8184DDA6400319C71 /* DDParserXML.m */; };
		6D6B3EC9183CF75B009542A8 /* Foundation.framework in Frameworks */ = {isa = PBXBuildFile; fileRef = 6D6B3EC8183CF75B009542A8 /* Foundation.framework */; };
		6D6B3ECB183CF75B009542A8 /* CoreGraphics.framework in Frameworks */ = {isa = PBXBuildFile; fileRef = 6D6B3ECA183CF75B009542A8 /* CoreGraphics.framework */; };
		6D6B3ECD183CF75B009542A8 /* UIKit.framework in Frameworks */ = {isa = PBXBuildFile; fileRef = 6D6B3ECC183CF75B009542A8 /* UIKit.framework */; };
		6D6B3ED3183CF75B009542A8 /* InfoPlist.strings in Resources */ = {isa = PBXBuildFile; fileRef = 6D6B3ED1183CF75B009542A8 /* InfoPlist.strings */; };
		6D6B3ED5183CF75B009542A8 /* main.m in Sources */ = {isa = PBXBuildFile; fileRef = 6D6B3ED4183CF75B009542A8 /* main.m */; };
		6D6B3ED9183CF75B009542A8 /* DDAppDelegate.m in Sources */ = {isa = PBXBuildFile; fileRef = 6D6B3ED8183CF75B009542A8 /* DDAppDelegate.m */; };
		6D6B3EDF183CF75B009542A8 /* DDRootViewController.m in Sources */ = {isa = PBXBuildFile; fileRef = 6D6B3EDE183CF75B009542A8 /* DDRootViewController.m */; };
		6D6B3EE8183CF75C009542A8 /* XCTest.framework in Frameworks */ = {isa = PBXBuildFile; fileRef = 6D6B3EE7183CF75C009542A8 /* XCTest.framework */; };
		6D6B3EE9183CF75C009542A8 /* Foundation.framework in Frameworks */ = {isa = PBXBuildFile; fileRef = 6D6B3EC8183CF75B009542A8 /* Foundation.framework */; };
		6D6B3EEA183CF75C009542A8 /* UIKit.framework in Frameworks */ = {isa = PBXBuildFile; fileRef = 6D6B3ECC183CF75B009542A8 /* UIKit.framework */; };
		6D6B3EF2183CF75C009542A8 /* InfoPlist.strings in Resources */ = {isa = PBXBuildFile; fileRef = 6D6B3EF0183CF75C009542A8 /* InfoPlist.strings */; };
		6D6B3EF4183CF75C009542A8 /* iTaskFamilyTests.m in Sources */ = {isa = PBXBuildFile; fileRef = 6D6B3EF3183CF75C009542A8 /* iTaskFamilyTests.m */; };
		6D6B3F03183CF92B009542A8 /* iTaskFamily.xcdatamodeld in Sources */ = {isa = PBXBuildFile; fileRef = 6D6B3F01183CF92B009542A8 /* iTaskFamily.xcdatamodeld */; };
		6D6B3F12183D116F009542A8 /* DDMenuView.m in Sources */ = {isa = PBXBuildFile; fileRef = 6D6B3F11183D116F009542A8 /* DDMenuView.m */; };
		6D6B3F16183D28D8009542A8 /* DDHomeViewController.m in Sources */ = {isa = PBXBuildFile; fileRef = 6D6B3F15183D28D8009542A8 /* DDHomeViewController.m */; };
		6D7E2812189F8FAB00BCBA9F /* DDAwardViewController.m in Sources */ = {isa = PBXBuildFile; fileRef = 6D7E2811189F8FAB00BCBA9F /* DDAwardViewController.m */; };
		6D837C6919AF2B9A0053E4C0 /* DDAddEventCell.m in Sources */ = {isa = PBXBuildFile; fileRef = 6D837C6819AF2B9A0053E4C0 /* DDAddEventCell.m */; };
		6D837C6A19AF8FD20053E4C0 /* Data.xml in Resources */ = {isa = PBXBuildFile; fileRef = 6D837C6C19AF8FD20053E4C0 /* Data.xml */; };
		6D852D431843664800CA43EC /* DDRootTrophyViewController.m in Sources */ = {isa = PBXBuildFile; fileRef = 6D852D421843664800CA43EC /* DDRootTrophyViewController.m */; };
		6D87CE071937B92F000F6609 /* Achievement.m in Sources */ = {isa = PBXBuildFile; fileRef = 6D87CE061937B92F000F6609 /* Achievement.m */; };
		6D8970CB1848928500F815CD /* DDCustomImagePickerViewController.m in Sources */ = {isa = PBXBuildFile; fileRef = 6D8970CA1848928500F815CD /* DDCustomImagePickerViewController.m */; };
		6D8970CF1848933500F815CD /* UIImage+CustomImage.m in Sources */ = {isa = PBXBuildFile; fileRef = 6D8970CE1848933500F815CD /* UIImage+CustomImage.m */; };
		6D8970D318489A0C00F815CD /* DDManagerSingleton.m in Sources */ = {isa = PBXBuildFile; fileRef = 6D8970D218489A0C00F815CD /* DDManagerSingleton.m */; };
		6D8970D518489FF300F815CD /* AssetsLibrary.framework in Frameworks */ = {isa = PBXBuildFile; fileRef = 6D8970D418489FF300F815CD /* AssetsLibrary.framework */; };
		6D8970D81848C8F500F815CD /* DDCustomCollectionViewCell.m in Sources */ = {isa = PBXBuildFile; fileRef = 6D8970D71848C8F500F815CD /* DDCustomCollectionViewCell.m */; };
		6D8970E11848DD2D00F815CD /* DDCropperController.m in Sources */ = {isa = PBXBuildFile; fileRef = 6D8970E01848DD2D00F815CD /* DDCropperController.m */; };
		6D8970E61848DDC600F815CD /* DDImageCropper.m in Sources */ = {isa = PBXBuildFile; fileRef = 6D8970E51848DDC600F815CD /* DDImageCropper.m */; };
		6D8970EC1848EF9900F815CD /* DDDatabaseManager.m in Sources */ = {isa = PBXBuildFile; fileRef = 6D8970EB1848EF9900F815CD /* DDDatabaseManager.m */; };
		6D8970EF1848F1AB00F815CD /* DDDatabaseAccess.m in Sources */ = {isa = PBXBuildFile; fileRef = 6D8970EE1848F1AB00F815CD /* DDDatabaseAccess.m */; };
		6D8970F31848F56B00F815CD /* DDCustomAlertView.m in Sources */ = {isa = PBXBuildFile; fileRef = 6D8970F21848F56B00F815CD /* DDCustomAlertView.m */; };
		6D94A6D018C601620047045C /* DDCustomCheckbox.m in Sources */ = {isa = PBXBuildFile; fileRef = 6D94A6CF18C601620047045C /* DDCustomCheckbox.m */; };
		6D9B323E183F60A60038D7DB /* DDMeteoView.m in Sources */ = {isa = PBXBuildFile; fileRef = 6D9B323D183F60A60038D7DB /* DDMeteoView.m */; };
		6D9B3242183F99860038D7DB /* DDWeatherInfos.m in Sources */ = {isa = PBXBuildFile; fileRef = 6D9B3241183F99860038D7DB /* DDWeatherInfos.m */; };
		6D9B3C19191BF45C0001C672 /* Task.m in Sources */ = {isa = PBXBuildFile; fileRef = 6D9B3C18191BF45C0001C672 /* Task.m */; };
		6D9B3C1C191BF45C0001C672 /* Trophy.m in Sources */ = {isa = PBXBuildFile; fileRef = 6D9B3C1B191BF45C0001C672 /* Trophy.m */; };
		6D9B3C22191BF45C0001C672 /* CategoryTask.m in Sources */ = {isa = PBXBuildFile; fileRef = 6D9B3C21191BF45C0001C672 /* CategoryTask.m */; };
		6D9B3C28191BF45C0001C672 /* Player.m in Sources */ = {isa = PBXBuildFile; fileRef = 6D9B3C27191BF45C0001C672 /* Player.m */; };
		6D9B3C2E191BF45D0001C672 /* CategoryTrophy.m in Sources */ = {isa = PBXBuildFile; fileRef = 6D9B3C2D191BF45D0001C672 /* CategoryTrophy.m */; };
		6DAE048418D086E100F6765E /* DDCustomButtonNotification.m in Sources */ = {isa = PBXBuildFile; fileRef = 6DAE048318D086E100F6765E /* DDCustomButtonNotification.m */; };
		6DB39C92199D21F7004D3155 /* DDMainInformationTrophyViewController.m in Sources */ = {isa = PBXBuildFile; fileRef = 6DB39C91199D21F7004D3155 /* DDMainInformationTrophyViewController.m */; };
		6DB8F1FA19A5E19F00B22DB2 /* DDCustomColorViewController.m in Sources */ = {isa = PBXBuildFile; fileRef = 6DB8F1F919A5E19F00B22DB2 /* DDCustomColorViewController.m */; };
		6DB8F1FE19A638F400B22DB2 /* DDRewardDetailViewController.m in Sources */ = {isa = PBXBuildFile; fileRef = 6DB8F1FD19A638F400B22DB2 /* DDRewardDetailViewController.m */; };
		6DC986F6185092A200A5A65F /* DDCustomProgressBar.m in Sources */ = {isa = PBXBuildFile; fileRef = 6DC986F5185092A200A5A65F /* DDCustomProgressBar.m */; };
		6DC986FA1850E89B00A5A65F /* DDTaskManagerViewController.m in Sources */ = {isa = PBXBuildFile; fileRef = 6DC986F91850E89B00A5A65F /* DDTaskManagerViewController.m */; };
		6DCB2A8A18B6177B000FDFCA /* DDEventManagerViewController.m in Sources */ = {isa = PBXBuildFile; fileRef = 6DCB2A8918B6177B000FDFCA /* DDEventManagerViewController.m */; };
		6DCB2A8E18B66A0B000FDFCA /* DDOccurenceViewController.m in Sources */ = {isa = PBXBuildFile; fileRef = 6DCB2A8D18B66A0B000FDFCA /* DDOccurenceViewController.m */; };
		6DCC0D55199E513F00CFA0E9 /* DDListTrophyViewController.m in Sources */ = {isa = PBXBuildFile; fileRef = 6DCC0D54199E513F00CFA0E9 /* DDListTrophyViewController.m */; };
		6DCE47B5183E029200D64363 /* DDDateView.m in Sources */ = {isa = PBXBuildFile; fileRef = 6DCE47B4183E029200D64363 /* DDDateView.m */; };
		6DCE47B9183E066100D64363 /* DDPlayerView.m in Sources */ = {isa = PBXBuildFile; fileRef = 6DCE47B8183E066100D64363 /* DDPlayerView.m */; };
		6DCE47BD183E08AA00D64363 /* UIImage+ImageEffects.m in Sources */ = {isa = PBXBuildFile; fileRef = 6DCE47BC183E08AA00D64363 /* UIImage+ImageEffects.m */; };
		6DCE47C1183E10E000D64363 /* DDHelperController.m in Sources */ = {isa = PBXBuildFile; fileRef = 6DCE47C0183E10E000D64363 /* DDHelperController.m */; };
		6DCE47C3183E12FF00D64363 /* Accelerate.framework in Frameworks */ = {isa = PBXBuildFile; fileRef = 6DCE47C2183E12FF00D64363 /* Accelerate.framework */; };
		6DDAE5D6184CFBFF00B6DA70 /* DDTrophyCell.m in Sources */ = {isa = PBXBuildFile; fileRef = 6DDAE5D5184CFBFF00B6DA70 /* DDTrophyCell.m */; };
		6DEBDD2719A3B7F1006866DD /* Reward.m in Sources */ = {isa = PBXBuildFile; fileRef = 6DEBDD2619A3B7F1006866DD /* Reward.m */; };
		6DED092A18D0EE50004F2F3D /* DDTaskManagerTableViewController.m in Sources */ = {isa = PBXBuildFile; fileRef = 6DED092918D0EE50004F2F3D /* DDTaskManagerTableViewController.m */; };
		6DF00ECC184F416800F8F3C5 /* DDPlayerListViewController.m in Sources */ = {isa = PBXBuildFile; fileRef = 6DF00ECB184F416800F8F3C5 /* DDPlayerListViewController.m */; };
		6DF00ED0184F444E00F8F3C5 /* DDCustomPlayerListCollectionViewCell.m in Sources */ = {isa = PBXBuildFile; fileRef = 6DF00ECF184F444E00F8F3C5 /* DDCustomPlayerListCollectionViewCell.m */; };
		6DF00ED4184F8DE100F8F3C5 /* DDTaskViewController.m in Sources */ = {isa = PBXBuildFile; fileRef = 6DF00ED3184F8DE100F8F3C5 /* DDTaskViewController.m */; };
		6DF00ED8184F952100F8F3C5 /* DDCategoryMiniatureCollectionViewCell.m in Sources */ = {isa = PBXBuildFile; fileRef = 6DF00ED7184F952100F8F3C5 /* DDCategoryMiniatureCollectionViewCell.m */; };
		6DF00EDC184F9E3600F8F3C5 /* DDCustomCategoryCell.m in Sources */ = {isa = PBXBuildFile; fileRef = 6DF00EDB184F9E3600F8F3C5 /* DDCustomCategoryCell.m */; };
/* End PBXBuildFile section */

/* Begin PBXContainerItemProxy section */
		6D6B3EEB183CF75C009542A8 /* PBXContainerItemProxy */ = {
			isa = PBXContainerItemProxy;
			containerPortal = 6D6B3EBD183CF75B009542A8 /* Project object */;
			proxyType = 1;
			remoteGlobalIDString = 6D6B3EC4183CF75B009542A8;
			remoteInfo = iTaskFamily;
		};
/* End PBXContainerItemProxy section */

/* Begin PBXFileReference section */
		6D030BA118CB8BC900C3B95C /* DDCustomValidation.h */ = {isa = PBXFileReference; fileEncoding = 4; lastKnownFileType = sourcecode.c.h; path = DDCustomValidation.h; sourceTree = "<group>"; };
		6D030BA218CB8BC900C3B95C /* DDCustomValidation.m */ = {isa = PBXFileReference; fileEncoding = 4; lastKnownFileType = sourcecode.c.objc; path = DDCustomValidation.m; sourceTree = "<group>"; };
		6D03B0AD184C976800399A7D /* DDPlayerMiniatureCollectionViewCell.h */ = {isa = PBXFileReference; fileEncoding = 4; lastKnownFileType = sourcecode.c.h; path = DDPlayerMiniatureCollectionViewCell.h; sourceTree = "<group>"; };
		6D03B0AE184C976800399A7D /* DDPlayerMiniatureCollectionViewCell.m */ = {isa = PBXFileReference; fileEncoding = 4; lastKnownFileType = sourcecode.c.objc; path = DDPlayerMiniatureCollectionViewCell.m; sourceTree = "<group>"; };
		6D1B756718B7AF4B000D0B12 /* DDTaskEventViewController.h */ = {isa = PBXFileReference; fileEncoding = 4; lastKnownFileType = sourcecode.c.h; path = DDTaskEventViewController.h; sourceTree = "<group>"; };
		6D1B756818B7AF4B000D0B12 /* DDTaskEventViewController.m */ = {isa = PBXFileReference; fileEncoding = 4; lastKnownFileType = sourcecode.c.objc; path = DDTaskEventViewController.m; sourceTree = "<group>"; };
		6D29FBFE184282C90059AA35 /* DDEventView.h */ = {isa = PBXFileReference; fileEncoding = 4; lastKnownFileType = sourcecode.c.h; path = DDEventView.h; sourceTree = "<group>"; };
		6D29FBFF184282C90059AA35 /* DDEventView.m */ = {isa = PBXFileReference; fileEncoding = 4; lastKnownFileType = sourcecode.c.objc; path = DDEventView.m; sourceTree = "<group>"; };
		6D2E618118D0E976001A971B /* DDEventManagerTableViewController.h */ = {isa = PBXFileReference; fileEncoding = 4; lastKnownFileType = sourcecode.c.h; path = DDEventManagerTableViewController.h; sourceTree = "<group>"; };
		6D2E618218D0E976001A971B /* DDEventManagerTableViewController.m */ = {isa = PBXFileReference; fileEncoding = 4; lastKnownFileType = sourcecode.c.objc; path = DDEventManagerTableViewController.m; sourceTree = "<group>"; };
		6D32CAE5189B9FCC00FD2B3F /* DDPodiumViewController.h */ = {isa = PBXFileReference; fileEncoding = 4; lastKnownFileType = sourcecode.c.h; path = DDPodiumViewController.h; sourceTree = "<group>"; };
		6D32CAE6189B9FCC00FD2B3F /* DDPodiumViewController.m */ = {isa = PBXFileReference; fileEncoding = 4; lastKnownFileType = sourcecode.c.objc; path = DDPodiumViewController.m; sourceTree = "<group>"; };
		6D32CAE9189BDBEB00FD2B3F /* DDHistogramView.h */ = {isa = PBXFileReference; fileEncoding = 4; lastKnownFileType = sourcecode.c.h; path = DDHistogramView.h; sourceTree = "<group>"; };
		6D32CAEA189BDBEB00FD2B3F /* DDHistogramView.m */ = {isa = PBXFileReference; fileEncoding = 4; lastKnownFileType = sourcecode.c.objc; path = DDHistogramView.m; sourceTree = "<group>"; };
		6D32CAEF189BFF1200FD2B3F /* Images.xcassets */ = {isa = PBXFileReference; lastKnownFileType = folder.assetcatalog; name = Images.xcassets; path = iTaskFamily/Images.xcassets; sourceTree = "<group>"; };
		6D33D447189FA8460057D168 /* DDSettingViewController.h */ = {isa = PBXFileReference; fileEncoding = 4; lastKnownFileType = sourcecode.c.h; path = DDSettingViewController.h; sourceTree = "<group>"; };
		6D33D448189FA8460057D168 /* DDSettingViewController.m */ = {isa = PBXFileReference; fileEncoding = 4; lastKnownFileType = sourcecode.c.objc; path = DDSettingViewController.m; sourceTree = "<group>"; };
		6D33D7441855D27F001E1B3A /* DDRootPodiumViewController.h */ = {isa = PBXFileReference; fileEncoding = 4; lastKnownFileType = sourcecode.c.h; path = DDRootPodiumViewController.h; sourceTree = "<group>"; };
		6D33D7451855D27F001E1B3A /* DDRootPodiumViewController.m */ = {isa = PBXFileReference; fileEncoding = 4; lastKnownFileType = sourcecode.c.objc; path = DDRootPodiumViewController.m; sourceTree = "<group>"; };
		6D39975B19A737F8005AB9B0 /* DDMeteoViewController.h */ = {isa = PBXFileReference; fileEncoding = 4; lastKnownFileType = sourcecode.c.h; path = DDMeteoViewController.h; sourceTree = "<group>"; };
		6D39975C19A737F8005AB9B0 /* DDMeteoViewController.m */ = {isa = PBXFileReference; fileEncoding = 4; lastKnownFileType = sourcecode.c.objc; path = DDMeteoViewController.m; sourceTree = "<group>"; };
		6D39976519A7A422005AB9B0 /* fr */ = {isa = PBXFileReference; lastKnownFileType = text.plist.strings; name = fr; path = fr.lproj/InfoPlist.strings; sourceTree = "<group>"; };
		6D39976619A7A422005AB9B0 /* fr */ = {isa = PBXFileReference; lastKnownFileType = text.plist.strings; name = fr; path = fr.lproj/Localizable.strings; sourceTree = "<group>"; };
		6D39976719A7A422005AB9B0 /* fr */ = {isa = PBXFileReference; lastKnownFileType = text.plist.strings; name = fr; path = fr.lproj/InfoPlist.strings; sourceTree = "<group>"; };
		6D3A26B618B7956600545FF2 /* DDCustomOccurenceCell.h */ = {isa = PBXFileReference; fileEncoding = 4; lastKnownFileType = sourcecode.c.h; path = DDCustomOccurenceCell.h; sourceTree = "<group>"; };
		6D3A26B718B7956600545FF2 /* DDCustomOccurenceCell.m */ = {isa = PBXFileReference; fileEncoding = 4; lastKnownFileType = sourcecode.c.objc; path = DDCustomOccurenceCell.m; sourceTree = "<group>"; };
		6D3A26BA18B7A1FB00545FF2 /* DDCategoriesListEventViewController.h */ = {isa = PBXFileReference; fileEncoding = 4; lastKnownFileType = sourcecode.c.h; path = DDCategoriesListEventViewController.h; sourceTree = "<group>"; };
		6D3A26BB18B7A1FB00545FF2 /* DDCategoriesListEventViewController.m */ = {isa = PBXFileReference; fileEncoding = 4; lastKnownFileType = sourcecode.c.objc; path = DDCategoriesListEventViewController.m; sourceTree = "<group>"; };
		6D3CBC4E19A4D9210067CBCF /* NKOColorPickerView.h */ = {isa = PBXFileReference; fileEncoding = 4; lastKnownFileType = sourcecode.c.h; path = NKOColorPickerView.h; sourceTree = "<group>"; };
		6D3CBC4F19A4D9210067CBCF /* NKOColorPickerView.m */ = {isa = PBXFileReference; fileEncoding = 4; lastKnownFileType = sourcecode.c.objc; path = NKOColorPickerView.m; sourceTree = "<group>"; };
		6D4563CD19752CC400FB668A /* RecurrenceEnd.h */ = {isa = PBXFileReference; fileEncoding = 4; lastKnownFileType = sourcecode.c.h; path = RecurrenceEnd.h; sourceTree = "<group>"; };
		6D4563CE19752CC400FB668A /* RecurrenceEnd.m */ = {isa = PBXFileReference; fileEncoding = 4; lastKnownFileType = sourcecode.c.objc; path = RecurrenceEnd.m; sourceTree = "<group>"; };
		6D4563D019752CC500FB668A /* Event.h */ = {isa = PBXFileReference; fileEncoding = 4; lastKnownFileType = sourcecode.c.h; path = Event.h; sourceTree = "<group>"; };
		6D4563D119752CC500FB668A /* Event.m */ = {isa = PBXFileReference; fileEncoding = 4; lastKnownFileType = sourcecode.c.objc; path = Event.m; sourceTree = "<group>"; };
		6D46EB981843486F00287ACC /* DDPlayerViewController.h */ = {isa = PBXFileReference; fileEncoding = 4; lastKnownFileType = sourcecode.c.h; path = DDPlayerViewController.h; sourceTree = "<group>"; };
		6D46EB991843486F00287ACC /* DDPlayerViewController.m */ = {isa = PBXFileReference; fileEncoding = 4; lastKnownFileType = sourcecode.c.objc; path = DDPlayerViewController.m; sourceTree = "<group>"; };
		6D4D429C19266C0D008A7B75 /* DDCustomButton.h */ = {isa = PBXFileReference; fileEncoding = 4; lastKnownFileType = sourcecode.c.h; path = DDCustomButton.h; sourceTree = "<group>"; };
		6D4D429D19266C0D008A7B75 /* DDCustomButton.m */ = {isa = PBXFileReference; fileEncoding = 4; lastKnownFileType = sourcecode.c.objc; path = DDCustomButton.m; sourceTree = "<group>"; };
		6D5549EE1844ECC7009022C5 /* DDPopOverViewController.h */ = {isa = PBXFileReference; fileEncoding = 4; lastKnownFileType = sourcecode.c.h; path = DDPopOverViewController.h; sourceTree = "<group>"; };
		6D5549EF1844ECC7009022C5 /* DDPopOverViewController.m */ = {isa = PBXFileReference; fileEncoding = 4; lastKnownFileType = sourcecode.c.objc; path = DDPopOverViewController.m; sourceTree = "<group>"; };
		6D5549F21844F823009022C5 /* DDPlayerManagerViewController.h */ = {isa = PBXFileReference; fileEncoding = 4; lastKnownFileType = sourcecode.c.h; path = DDPlayerManagerViewController.h; sourceTree = "<group>"; };
		6D5549F31844F823009022C5 /* DDPlayerManagerViewController.m */ = {isa = PBXFileReference; fileEncoding = 4; lastKnownFileType = sourcecode.c.objc; path = DDPlayerManagerViewController.m; sourceTree = "<group>"; };
		6D5D665719ACE9F900E70B53 /* en */ = {isa = PBXFileReference; lastKnownFileType = text.plist.strings; name = en; path = en.lproj/InfoPlist.strings; sourceTree = "<group>"; };
		6D5D665819ACE9F900E70B53 /* en */ = {isa = PBXFileReference; lastKnownFileType = text.plist.strings; name = en; path = en.lproj/Localizable.strings; sourceTree = "<group>"; };
		6D5D665919ACEB8200E70B53 /* Base */ = {isa = PBXFileReference; lastKnownFileType = file.storyboard; name = Base; path = Base.lproj/Main.storyboard; sourceTree = "<group>"; };
		6D5E3D3518C36F2E003BA0F2 /* DDEventInfosViewController.h */ = {isa = PBXFileReference; fileEncoding = 4; lastKnownFileType = sourcecode.c.h; path = DDEventInfosViewController.h; sourceTree = "<group>"; };
		6D5E3D3618C36F2E003BA0F2 /* DDEventInfosViewController.m */ = {isa = PBXFileReference; fileEncoding = 4; lastKnownFileType = sourcecode.c.objc; path = DDEventInfosViewController.m; sourceTree = "<group>"; };
		6D5E3D3918C374AF003BA0F2 /* DDCustomEventCell.h */ = {isa = PBXFileReference; fileEncoding = 4; lastKnownFileType = sourcecode.c.h; path = DDCustomEventCell.h; sourceTree = "<group>"; };
		6D5E3D3A18C374AF003BA0F2 /* DDCustomEventCell.m */ = {isa = PBXFileReference; fileEncoding = 4; lastKnownFileType = sourcecode.c.objc; path = DDCustomEventCell.m; sourceTree = "<group>"; };
		6D61F6611851DBB600759AFC /* DDCategorieListViewController.h */ = {isa = PBXFileReference; fileEncoding = 4; lastKnownFileType = sourcecode.c.h; path = DDCategorieListViewController.h; sourceTree = "<group>"; };
		6D61F6621851DBB600759AFC /* DDCategorieListViewController.m */ = {isa = PBXFileReference; fileEncoding = 4; lastKnownFileType = sourcecode.c.objc; path = DDCategorieListViewController.m; sourceTree = "<group>"; };
		6D61F6651851DC1400759AFC /* DDCustomCategoryListCell.h */ = {isa = PBXFileReference; fileEncoding = 4; lastKnownFileType = sourcecode.c.h; path = DDCustomCategoryListCell.h; sourceTree = "<group>"; };
		6D61F6661851DC1400759AFC /* DDCustomCategoryListCell.m */ = {isa = PBXFileReference; fileEncoding = 4; lastKnownFileType = sourcecode.c.objc; path = DDCustomCategoryListCell.m; sourceTree = "<group>"; };
		6D62E88318479AD500D376FA /* DDCustomNavigationBarController.h */ = {isa = PBXFileReference; fileEncoding = 4; lastKnownFileType = sourcecode.c.h; path = DDCustomNavigationBarController.h; sourceTree = "<group>"; };
		6D62E88418479AD500D376FA /* DDCustomNavigationBarController.m */ = {isa = PBXFileReference; fileEncoding = 4; lastKnownFileType = sourcecode.c.objc; path = DDCustomNavigationBarController.m; sourceTree = "<group>"; };
		6D6A1BF7184DDA6400319C71 /* DDParserXML.h */ = {isa = PBXFileReference; fileEncoding = 4; lastKnownFileType = sourcecode.c.h; path = DDParserXML.h; sourceTree = "<group>"; };
		6D6A1BF8184DDA6400319C71 /* DDParserXML.m */ = {isa = PBXFileReference; fileEncoding = 4; lastKnownFileType = sourcecode.c.objc; path = DDParserXML.m; sourceTree = "<group>"; };
		6D6B3EC5183CF75B009542A8 /* iTaskFamily.app */ = {isa = PBXFileReference; explicitFileType = wrapper.application; includeInIndex = 0; path = iTaskFamily.app; sourceTree = BUILT_PRODUCTS_DIR; };
		6D6B3EC8183CF75B009542A8 /* Foundation.framework */ = {isa = PBXFileReference; lastKnownFileType = wrapper.framework; name = Foundation.framework; path = System/Library/Frameworks/Foundation.framework; sourceTree = SDKROOT; };
		6D6B3ECA183CF75B009542A8 /* CoreGraphics.framework */ = {isa = PBXFileReference; lastKnownFileType = wrapper.framework; name = CoreGraphics.framework; path = System/Library/Frameworks/CoreGraphics.framework; sourceTree = SDKROOT; };
		6D6B3ECC183CF75B009542A8 /* UIKit.framework */ = {isa = PBXFileReference; lastKnownFileType = wrapper.framework; name = UIKit.framework; path = System/Library/Frameworks/UIKit.framework; sourceTree = SDKROOT; };
		6D6B3ED0183CF75B009542A8 /* iTaskFamily-Info.plist */ = {isa = PBXFileReference; lastKnownFileType = text.plist.xml; path = "iTaskFamily-Info.plist"; sourceTree = "<group>"; };
		6D6B3ED4183CF75B009542A8 /* main.m */ = {isa = PBXFileReference; lastKnownFileType = sourcecode.c.objc; path = main.m; sourceTree = "<group>"; };
		6D6B3ED6183CF75B009542A8 /* iTaskFamily-Prefix.pch */ = {isa = PBXFileReference; lastKnownFileType = sourcecode.c.h; path = "iTaskFamily-Prefix.pch"; sourceTree = "<group>"; };
		6D6B3ED7183CF75B009542A8 /* DDAppDelegate.h */ = {isa = PBXFileReference; lastKnownFileType = sourcecode.c.h; path = DDAppDelegate.h; sourceTree = "<group>"; };
		6D6B3ED8183CF75B009542A8 /* DDAppDelegate.m */ = {isa = PBXFileReference; lastKnownFileType = sourcecode.c.objc; path = DDAppDelegate.m; sourceTree = "<group>"; };
		6D6B3EDD183CF75B009542A8 /* DDRootViewController.h */ = {isa = PBXFileReference; lastKnownFileType = sourcecode.c.h; path = DDRootViewController.h; sourceTree = "<group>"; };
		6D6B3EDE183CF75B009542A8 /* DDRootViewController.m */ = {isa = PBXFileReference; lastKnownFileType = sourcecode.c.objc; path = DDRootViewController.m; sourceTree = "<group>"; };
		6D6B3EE6183CF75C009542A8 /* iTaskFamilyTests.xctest */ = {isa = PBXFileReference; explicitFileType = wrapper.cfbundle; includeInIndex = 0; path = iTaskFamilyTests.xctest; sourceTree = BUILT_PRODUCTS_DIR; };
		6D6B3EE7183CF75C009542A8 /* XCTest.framework */ = {isa = PBXFileReference; lastKnownFileType = wrapper.framework; name = XCTest.framework; path = Library/Frameworks/XCTest.framework; sourceTree = DEVELOPER_DIR; };
		6D6B3EEF183CF75C009542A8 /* iTaskFamilyTests-Info.plist */ = {isa = PBXFileReference; lastKnownFileType = text.plist.xml; path = "iTaskFamilyTests-Info.plist"; sourceTree = "<group>"; };
		6D6B3EF3183CF75C009542A8 /* iTaskFamilyTests.m */ = {isa = PBXFileReference; lastKnownFileType = sourcecode.c.objc; path = iTaskFamilyTests.m; sourceTree = "<group>"; };
		6D6B3F02183CF92B009542A8 /* iTaskFamily.xcdatamodel */ = {isa = PBXFileReference; lastKnownFileType = wrapper.xcdatamodel; path = iTaskFamily.xcdatamodel; sourceTree = "<group>"; };
		6D6B3F08183CFA11009542A8 /* DDConstant.h */ = {isa = PBXFileReference; fileEncoding = 4; lastKnownFileType = sourcecode.c.h; path = DDConstant.h; sourceTree = "<group>"; };
		6D6B3F10183D116F009542A8 /* DDMenuView.h */ = {isa = PBXFileReference; fileEncoding = 4; lastKnownFileType = sourcecode.c.h; path = DDMenuView.h; sourceTree = "<group>"; };
		6D6B3F11183D116F009542A8 /* DDMenuView.m */ = {isa = PBXFileReference; fileEncoding = 4; lastKnownFileType = sourcecode.c.objc; path = DDMenuView.m; sourceTree = "<group>"; };
		6D6B3F14183D28D8009542A8 /* DDHomeViewController.h */ = {isa = PBXFileReference; fileEncoding = 4; lastKnownFileType = sourcecode.c.h; path = DDHomeViewController.h; sourceTree = "<group>"; };
		6D6B3F15183D28D8009542A8 /* DDHomeViewController.m */ = {isa = PBXFileReference; fileEncoding = 4; lastKnownFileType = sourcecode.c.objc; path = DDHomeViewController.m; sourceTree = "<group>"; };
		6D7E2810189F8FAB00BCBA9F /* DDAwardViewController.h */ = {isa = PBXFileReference; fileEncoding = 4; lastKnownFileType = sourcecode.c.h; path = DDAwardViewController.h; sourceTree = "<group>"; };
		6D7E2811189F8FAB00BCBA9F /* DDAwardViewController.m */ = {isa = PBXFileReference; fileEncoding = 4; lastKnownFileType = sourcecode.c.objc; path = DDAwardViewController.m; sourceTree = "<group>"; };
		6D837C6619AF261F0053E4C0 /* fr */ = {isa = PBXFileReference; lastKnownFileType = file.storyboard; name = fr; path = fr.lproj/Main.storyboard; sourceTree = "<group>"; };
		6D837C6719AF2B9A0053E4C0 /* DDAddEventCell.h */ = {isa = PBXFileReference; fileEncoding = 4; lastKnownFileType = sourcecode.c.h; path = DDAddEventCell.h; sourceTree = "<group>"; };
		6D837C6819AF2B9A0053E4C0 /* DDAddEventCell.m */ = {isa = PBXFileReference; fileEncoding = 4; lastKnownFileType = sourcecode.c.objc; path = DDAddEventCell.m; sourceTree = "<group>"; };
		6D837C6B19AF8FD20053E4C0 /* Base */ = {isa = PBXFileReference; lastKnownFileType = text.xml; name = Base; path = Base.lproj/Data.xml; sourceTree = "<group>"; };
		6D837C6D19AF8FDD0053E4C0 /* fr */ = {isa = PBXFileReference; lastKnownFileType = text.xml; name = fr; path = fr.lproj/Data.xml; sourceTree = "<group>"; };
		6D852D411843664800CA43EC /* DDRootTrophyViewController.h */ = {isa = PBXFileReference; fileEncoding = 4; lastKnownFileType = sourcecode.c.h; path = DDRootTrophyViewController.h; sourceTree = "<group>"; };
		6D852D421843664800CA43EC /* DDRootTrophyViewController.m */ = {isa = PBXFileReference; fileEncoding = 4; lastKnownFileType = sourcecode.c.objc; path = DDRootTrophyViewController.m; sourceTree = "<group>"; };
		6D87CE051937B92F000F6609 /* Achievement.h */ = {isa = PBXFileReference; fileEncoding = 4; lastKnownFileType = sourcecode.c.h; path = Achievement.h; sourceTree = "<group>"; };
		6D87CE061937B92F000F6609 /* Achievement.m */ = {isa = PBXFileReference; fileEncoding = 4; lastKnownFileType = sourcecode.c.objc; path = Achievement.m; sourceTree = "<group>"; };
		6D8970C91848928500F815CD /* DDCustomImagePickerViewController.h */ = {isa = PBXFileReference; fileEncoding = 4; lastKnownFileType = sourcecode.c.h; path = DDCustomImagePickerViewController.h; sourceTree = "<group>"; };
		6D8970CA1848928500F815CD /* DDCustomImagePickerViewController.m */ = {isa = PBXFileReference; fileEncoding = 4; lastKnownFileType = sourcecode.c.objc; path = DDCustomImagePickerViewController.m; sourceTree = "<group>"; };
		6D8970CD1848933500F815CD /* UIImage+CustomImage.h */ = {isa = PBXFileReference; fileEncoding = 4; lastKnownFileType = sourcecode.c.h; path = "UIImage+CustomImage.h"; sourceTree = "<group>"; };
		6D8970CE1848933500F815CD /* UIImage+CustomImage.m */ = {isa = PBXFileReference; fileEncoding = 4; lastKnownFileType = sourcecode.c.objc; path = "UIImage+CustomImage.m"; sourceTree = "<group>"; };
		6D8970D118489A0C00F815CD /* DDManagerSingleton.h */ = {isa = PBXFileReference; fileEncoding = 4; lastKnownFileType = sourcecode.c.h; path = DDManagerSingleton.h; sourceTree = "<group>"; };
		6D8970D218489A0C00F815CD /* DDManagerSingleton.m */ = {isa = PBXFileReference; fileEncoding = 4; lastKnownFileType = sourcecode.c.objc; path = DDManagerSingleton.m; sourceTree = "<group>"; };
		6D8970D418489FF300F815CD /* AssetsLibrary.framework */ = {isa = PBXFileReference; lastKnownFileType = wrapper.framework; name = AssetsLibrary.framework; path = System/Library/Frameworks/AssetsLibrary.framework; sourceTree = SDKROOT; };
		6D8970D61848C8F500F815CD /* DDCustomCollectionViewCell.h */ = {isa = PBXFileReference; fileEncoding = 4; lastKnownFileType = sourcecode.c.h; path = DDCustomCollectionViewCell.h; sourceTree = "<group>"; };
		6D8970D71848C8F500F815CD /* DDCustomCollectionViewCell.m */ = {isa = PBXFileReference; fileEncoding = 4; lastKnownFileType = sourcecode.c.objc; path = DDCustomCollectionViewCell.m; sourceTree = "<group>"; };
		6D8970DF1848DD2D00F815CD /* DDCropperController.h */ = {isa = PBXFileReference; fileEncoding = 4; lastKnownFileType = sourcecode.c.h; path = DDCropperController.h; sourceTree = "<group>"; };
		6D8970E01848DD2D00F815CD /* DDCropperController.m */ = {isa = PBXFileReference; fileEncoding = 4; lastKnownFileType = sourcecode.c.objc; path = DDCropperController.m; sourceTree = "<group>"; };
		6D8970E31848DDC600F815CD /* BarrettMacros.h */ = {isa = PBXFileReference; fileEncoding = 4; lastKnownFileType = sourcecode.c.h; path = BarrettMacros.h; sourceTree = "<group>"; };
		6D8970E41848DDC600F815CD /* DDImageCropper.h */ = {isa = PBXFileReference; fileEncoding = 4; lastKnownFileType = sourcecode.c.h; path = DDImageCropper.h; sourceTree = "<group>"; };
		6D8970E51848DDC600F815CD /* DDImageCropper.m */ = {isa = PBXFileReference; fileEncoding = 4; lastKnownFileType = sourcecode.c.objc; path = DDImageCropper.m; sourceTree = "<group>"; };
		6D8970EA1848EF9900F815CD /* DDDatabaseManager.h */ = {isa = PBXFileReference; fileEncoding = 4; lastKnownFileType = sourcecode.c.h; path = DDDatabaseManager.h; sourceTree = "<group>"; };
		6D8970EB1848EF9900F815CD /* DDDatabaseManager.m */ = {isa = PBXFileReference; fileEncoding = 4; lastKnownFileType = sourcecode.c.objc; path = DDDatabaseManager.m; sourceTree = "<group>"; };
		6D8970ED1848F1AB00F815CD /* DDDatabaseAccess.h */ = {isa = PBXFileReference; fileEncoding = 4; lastKnownFileType = sourcecode.c.h; path = DDDatabaseAccess.h; sourceTree = "<group>"; };
		6D8970EE1848F1AB00F815CD /* DDDatabaseAccess.m */ = {isa = PBXFileReference; fileEncoding = 4; lastKnownFileType = sourcecode.c.objc; path = DDDatabaseAccess.m; sourceTree = "<group>"; };
		6D8970F11848F56B00F815CD /* DDCustomAlertView.h */ = {isa = PBXFileReference; fileEncoding = 4; lastKnownFileType = sourcecode.c.h; path = DDCustomAlertView.h; sourceTree = "<group>"; };
		6D8970F21848F56B00F815CD /* DDCustomAlertView.m */ = {isa = PBXFileReference; fileEncoding = 4; lastKnownFileType = sourcecode.c.objc; path = DDCustomAlertView.m; sourceTree = "<group>"; };
		6D94A6CE18C601620047045C /* DDCustomCheckbox.h */ = {isa = PBXFileReference; fileEncoding = 4; lastKnownFileType = sourcecode.c.h; path = DDCustomCheckbox.h; sourceTree = "<group>"; };
		6D94A6CF18C601620047045C /* DDCustomCheckbox.m */ = {isa = PBXFileReference; fileEncoding = 4; lastKnownFileType = sourcecode.c.objc; path = DDCustomCheckbox.m; sourceTree = "<group>"; };
		6D9B323C183F60A60038D7DB /* DDMeteoView.h */ = {isa = PBXFileReference; fileEncoding = 4; lastKnownFileType = sourcecode.c.h; path = DDMeteoView.h; sourceTree = "<group>"; };
		6D9B323D183F60A60038D7DB /* DDMeteoView.m */ = {isa = PBXFileReference; fileEncoding = 4; lastKnownFileType = sourcecode.c.objc; path = DDMeteoView.m; sourceTree = "<group>"; };
		6D9B3240183F99860038D7DB /* DDWeatherInfos.h */ = {isa = PBXFileReference; fileEncoding = 4; lastKnownFileType = sourcecode.c.h; path = DDWeatherInfos.h; sourceTree = "<group>"; };
		6D9B3241183F99860038D7DB /* DDWeatherInfos.m */ = {isa = PBXFileReference; fileEncoding = 4; lastKnownFileType = sourcecode.c.objc; path = DDWeatherInfos.m; sourceTree = "<group>"; };
		6D9B3C17191BF45C0001C672 /* Task.h */ = {isa = PBXFileReference; fileEncoding = 4; lastKnownFileType = sourcecode.c.h; path = Task.h; sourceTree = "<group>"; };
		6D9B3C18191BF45C0001C672 /* Task.m */ = {isa = PBXFileReference; fileEncoding = 4; lastKnownFileType = sourcecode.c.objc; path = Task.m; sourceTree = "<group>"; };
		6D9B3C1A191BF45C0001C672 /* Trophy.h */ = {isa = PBXFileReference; fileEncoding = 4; lastKnownFileType = sourcecode.c.h; path = Trophy.h; sourceTree = "<group>"; };
		6D9B3C1B191BF45C0001C672 /* Trophy.m */ = {isa = PBXFileReference; fileEncoding = 4; lastKnownFileType = sourcecode.c.objc; path = Trophy.m; sourceTree = "<group>"; };
		6D9B3C20191BF45C0001C672 /* CategoryTask.h */ = {isa = PBXFileReference; fileEncoding = 4; lastKnownFileType = sourcecode.c.h; path = CategoryTask.h; sourceTree = "<group>"; };
		6D9B3C21191BF45C0001C672 /* CategoryTask.m */ = {isa = PBXFileReference; fileEncoding = 4; lastKnownFileType = sourcecode.c.objc; path = CategoryTask.m; sourceTree = "<group>"; };
		6D9B3C26191BF45C0001C672 /* Player.h */ = {isa = PBXFileReference; fileEncoding = 4; lastKnownFileType = sourcecode.c.h; path = Player.h; sourceTree = "<group>"; };
		6D9B3C27191BF45C0001C672 /* Player.m */ = {isa = PBXFileReference; fileEncoding = 4; lastKnownFileType = sourcecode.c.objc; path = Player.m; sourceTree = "<group>"; };
		6D9B3C2C191BF45D0001C672 /* CategoryTrophy.h */ = {isa = PBXFileReference; fileEncoding = 4; lastKnownFileType = sourcecode.c.h; path = CategoryTrophy.h; sourceTree = "<group>"; };
		6D9B3C2D191BF45D0001C672 /* CategoryTrophy.m */ = {isa = PBXFileReference; fileEncoding = 4; lastKnownFileType = sourcecode.c.objc; path = CategoryTrophy.m; sourceTree = "<group>"; };
		6DAE048218D086E100F6765E /* DDCustomButtonNotification.h */ = {isa = PBXFileReference; fileEncoding = 4; lastKnownFileType = sourcecode.c.h; path = DDCustomButtonNotification.h; sourceTree = "<group>"; };
		6DAE048318D086E100F6765E /* DDCustomButtonNotification.m */ = {isa = PBXFileReference; fileEncoding = 4; lastKnownFileType = sourcecode.c.objc; path = DDCustomButtonNotification.m; sourceTree = "<group>"; };
		6DB39C90199D21F7004D3155 /* DDMainInformationTrophyViewController.h */ = {isa = PBXFileReference; fileEncoding = 4; lastKnownFileType = sourcecode.c.h; path = DDMainInformationTrophyViewController.h; sourceTree = "<group>"; };
		6DB39C91199D21F7004D3155 /* DDMainInformationTrophyViewController.m */ = {isa = PBXFileReference; fileEncoding = 4; lastKnownFileType = sourcecode.c.objc; path = DDMainInformationTrophyViewController.m; sourceTree = "<group>"; };
		6DB8F1F819A5E19F00B22DB2 /* DDCustomColorViewController.h */ = {isa = PBXFileReference; fileEncoding = 4; lastKnownFileType = sourcecode.c.h; path = DDCustomColorViewController.h; sourceTree = "<group>"; };
		6DB8F1F919A5E19F00B22DB2 /* DDCustomColorViewController.m */ = {isa = PBXFileReference; fileEncoding = 4; lastKnownFileType = sourcecode.c.objc; path = DDCustomColorViewController.m; sourceTree = "<group>"; };
		6DB8F1FC19A638F400B22DB2 /* DDRewardDetailViewController.h */ = {isa = PBXFileReference; fileEncoding = 4; lastKnownFileType = sourcecode.c.h; path = DDRewardDetailViewController.h; sourceTree = "<group>"; };
		6DB8F1FD19A638F400B22DB2 /* DDRewardDetailViewController.m */ = {isa = PBXFileReference; fileEncoding = 4; lastKnownFileType = sourcecode.c.objc; path = DDRewardDetailViewController.m; sourceTree = "<group>"; };
		6DC986F4185092A200A5A65F /* DDCustomProgressBar.h */ = {isa = PBXFileReference; fileEncoding = 4; lastKnownFileType = sourcecode.c.h; path = DDCustomProgressBar.h; sourceTree = "<group>"; };
		6DC986F5185092A200A5A65F /* DDCustomProgressBar.m */ = {isa = PBXFileReference; fileEncoding = 4; lastKnownFileType = sourcecode.c.objc; path = DDCustomProgressBar.m; sourceTree = "<group>"; };
		6DC986F81850E89B00A5A65F /* DDTaskManagerViewController.h */ = {isa = PBXFileReference; fileEncoding = 4; lastKnownFileType = sourcecode.c.h; path = DDTaskManagerViewController.h; sourceTree = "<group>"; };
		6DC986F91850E89B00A5A65F /* DDTaskManagerViewController.m */ = {isa = PBXFileReference; fileEncoding = 4; lastKnownFileType = sourcecode.c.objc; path = DDTaskManagerViewController.m; sourceTree = "<group>"; };
		6DCB2A8818B6177B000FDFCA /* DDEventManagerViewController.h */ = {isa = PBXFileReference; fileEncoding = 4; lastKnownFileType = sourcecode.c.h; path = DDEventManagerViewController.h; sourceTree = "<group>"; };
		6DCB2A8918B6177B000FDFCA /* DDEventManagerViewController.m */ = {isa = PBXFileReference; fileEncoding = 4; lastKnownFileType = sourcecode.c.objc; path = DDEventManagerViewController.m; sourceTree = "<group>"; };
		6DCB2A8C18B66A0B000FDFCA /* DDOccurenceViewController.h */ = {isa = PBXFileReference; fileEncoding = 4; lastKnownFileType = sourcecode.c.h; path = DDOccurenceViewController.h; sourceTree = "<group>"; };
		6DCB2A8D18B66A0B000FDFCA /* DDOccurenceViewController.m */ = {isa = PBXFileReference; fileEncoding = 4; lastKnownFileType = sourcecode.c.objc; path = DDOccurenceViewController.m; sourceTree = "<group>"; };
		6DCC0D53199E513F00CFA0E9 /* DDListTrophyViewController.h */ = {isa = PBXFileReference; fileEncoding = 4; lastKnownFileType = sourcecode.c.h; path = DDListTrophyViewController.h; sourceTree = "<group>"; };
		6DCC0D54199E513F00CFA0E9 /* DDListTrophyViewController.m */ = {isa = PBXFileReference; fileEncoding = 4; lastKnownFileType = sourcecode.c.objc; path = DDListTrophyViewController.m; sourceTree = "<group>"; };
		6DCE47B3183E029200D64363 /* DDDateView.h */ = {isa = PBXFileReference; fileEncoding = 4; lastKnownFileType = sourcecode.c.h; path = DDDateView.h; sourceTree = "<group>"; };
		6DCE47B4183E029200D64363 /* DDDateView.m */ = {isa = PBXFileReference; fileEncoding = 4; lastKnownFileType = sourcecode.c.objc; path = DDDateView.m; sourceTree = "<group>"; };
		6DCE47B7183E066100D64363 /* DDPlayerView.h */ = {isa = PBXFileReference; fileEncoding = 4; lastKnownFileType = sourcecode.c.h; path = DDPlayerView.h; sourceTree = "<group>"; };
		6DCE47B8183E066100D64363 /* DDPlayerView.m */ = {isa = PBXFileReference; fileEncoding = 4; lastKnownFileType = sourcecode.c.objc; path = DDPlayerView.m; sourceTree = "<group>"; };
		6DCE47BB183E08AA00D64363 /* UIImage+ImageEffects.h */ = {isa = PBXFileReference; fileEncoding = 4; lastKnownFileType = sourcecode.c.h; path = "UIImage+ImageEffects.h"; sourceTree = "<group>"; };
		6DCE47BC183E08AA00D64363 /* UIImage+ImageEffects.m */ = {isa = PBXFileReference; fileEncoding = 4; lastKnownFileType = sourcecode.c.objc; path = "UIImage+ImageEffects.m"; sourceTree = "<group>"; };
		6DCE47BF183E10E000D64363 /* DDHelperController.h */ = {isa = PBXFileReference; fileEncoding = 4; lastKnownFileType = sourcecode.c.h; path = DDHelperController.h; sourceTree = "<group>"; };
		6DCE47C0183E10E000D64363 /* DDHelperController.m */ = {isa = PBXFileReference; fileEncoding = 4; lastKnownFileType = sourcecode.c.objc; path = DDHelperController.m; sourceTree = "<group>"; };
		6DCE47C2183E12FF00D64363 /* Accelerate.framework */ = {isa = PBXFileReference; lastKnownFileType = wrapper.framework; name = Accelerate.framework; path = System/Library/Frameworks/Accelerate.framework; sourceTree = SDKROOT; };
		6DDAE5D4184CFBFF00B6DA70 /* DDTrophyCell.h */ = {isa = PBXFileReference; fileEncoding = 4; lastKnownFileType = sourcecode.c.h; path = DDTrophyCell.h; sourceTree = "<group>"; };
		6DDAE5D5184CFBFF00B6DA70 /* DDTrophyCell.m */ = {isa = PBXFileReference; fileEncoding = 4; lastKnownFileType = sourcecode.c.objc; path = DDTrophyCell.m; sourceTree = "<group>"; };
		6DEBDD2519A3B7F1006866DD /* Reward.h */ = {isa = PBXFileReference; fileEncoding = 4; lastKnownFileType = sourcecode.c.h; path = Reward.h; sourceTree = "<group>"; };
		6DEBDD2619A3B7F1006866DD /* Reward.m */ = {isa = PBXFileReference; fileEncoding = 4; lastKnownFileType = sourcecode.c.objc; path = Reward.m; sourceTree = "<group>"; };
		6DED092818D0EE50004F2F3D /* DDTaskManagerTableViewController.h */ = {isa = PBXFileReference; fileEncoding = 4; lastKnownFileType = sourcecode.c.h; path = DDTaskManagerTableViewController.h; sourceTree = "<group>"; };
		6DED092918D0EE50004F2F3D /* DDTaskManagerTableViewController.m */ = {isa = PBXFileReference; fileEncoding = 4; lastKnownFileType = sourcecode.c.objc; path = DDTaskManagerTableViewController.m; sourceTree = "<group>"; };
		6DF00ECA184F416800F8F3C5 /* DDPlayerListViewController.h */ = {isa = PBXFileReference; fileEncoding = 4; lastKnownFileType = sourcecode.c.h; path = DDPlayerListViewController.h; sourceTree = "<group>"; };
		6DF00ECB184F416800F8F3C5 /* DDPlayerListViewController.m */ = {isa = PBXFileReference; fileEncoding = 4; lastKnownFileType = sourcecode.c.objc; path = DDPlayerListViewController.m; sourceTree = "<group>"; };
		6DF00ECE184F444E00F8F3C5 /* DDCustomPlayerListCollectionViewCell.h */ = {isa = PBXFileReference; fileEncoding = 4; lastKnownFileType = sourcecode.c.h; path = DDCustomPlayerListCollectionViewCell.h; sourceTree = "<group>"; };
		6DF00ECF184F444E00F8F3C5 /* DDCustomPlayerListCollectionViewCell.m */ = {isa = PBXFileReference; fileEncoding = 4; lastKnownFileType = sourcecode.c.objc; path = DDCustomPlayerListCollectionViewCell.m; sourceTree = "<group>"; };
		6DF00ED2184F8DE100F8F3C5 /* DDTaskViewController.h */ = {isa = PBXFileReference; fileEncoding = 4; lastKnownFileType = sourcecode.c.h; path = DDTaskViewController.h; sourceTree = "<group>"; };
		6DF00ED3184F8DE100F8F3C5 /* DDTaskViewController.m */ = {isa = PBXFileReference; fileEncoding = 4; lastKnownFileType = sourcecode.c.objc; path = DDTaskViewController.m; sourceTree = "<group>"; };
		6DF00ED6184F952100F8F3C5 /* DDCategoryMiniatureCollectionViewCell.h */ = {isa = PBXFileReference; fileEncoding = 4; lastKnownFileType = sourcecode.c.h; path = DDCategoryMiniatureCollectionViewCell.h; sourceTree = "<group>"; };
		6DF00ED7184F952100F8F3C5 /* DDCategoryMiniatureCollectionViewCell.m */ = {isa = PBXFileReference; fileEncoding = 4; lastKnownFileType = sourcecode.c.objc; path = DDCategoryMiniatureCollectionViewCell.m; sourceTree = "<group>"; };
		6DF00EDA184F9E3600F8F3C5 /* DDCustomCategoryCell.h */ = {isa = PBXFileReference; fileEncoding = 4; lastKnownFileType = sourcecode.c.h; path = DDCustomCategoryCell.h; sourceTree = "<group>"; };
		6DF00EDB184F9E3600F8F3C5 /* DDCustomCategoryCell.m */ = {isa = PBXFileReference; fileEncoding = 4; lastKnownFileType = sourcecode.c.objc; path = DDCustomCategoryCell.m; sourceTree = "<group>"; };
/* End PBXFileReference section */

/* Begin PBXFrameworksBuildPhase section */
		6D6B3EC2183CF75B009542A8 /* Frameworks */ = {
			isa = PBXFrameworksBuildPhase;
			buildActionMask = 2147483647;
			files = (
				6D8970D518489FF300F815CD /* AssetsLibrary.framework in Frameworks */,
				6DCE47C3183E12FF00D64363 /* Accelerate.framework in Frameworks */,
				6D6B3ECB183CF75B009542A8 /* CoreGraphics.framework in Frameworks */,
				6D6B3ECD183CF75B009542A8 /* UIKit.framework in Frameworks */,
				6D6B3EC9183CF75B009542A8 /* Foundation.framework in Frameworks */,
			);
			runOnlyForDeploymentPostprocessing = 0;
		};
		6D6B3EE3183CF75C009542A8 /* Frameworks */ = {
			isa = PBXFrameworksBuildPhase;
			buildActionMask = 2147483647;
			files = (
				6D6B3EE8183CF75C009542A8 /* XCTest.framework in Frameworks */,
				6D6B3EEA183CF75C009542A8 /* UIKit.framework in Frameworks */,
				6D6B3EE9183CF75C009542A8 /* Foundation.framework in Frameworks */,
			);
			runOnlyForDeploymentPostprocessing = 0;
		};
/* End PBXFrameworksBuildPhase section */

/* Begin PBXGroup section */
		6D030BA018CB8BAB00C3B95C /* CustomValidation */ = {
			isa = PBXGroup;
			children = (
				6D030BA118CB8BC900C3B95C /* DDCustomValidation.h */,
				6D030BA218CB8BC900C3B95C /* DDCustomValidation.m */,
			);
			name = CustomValidation;
			sourceTree = "<group>";
		};
		6D03B0AC184C972F00399A7D /* CustomPlayerMiniatureCell */ = {
			isa = PBXGroup;
			children = (
				6D03B0AD184C976800399A7D /* DDPlayerMiniatureCollectionViewCell.h */,
				6D03B0AE184C976800399A7D /* DDPlayerMiniatureCollectionViewCell.m */,
			);
			name = CustomPlayerMiniatureCell;
			sourceTree = "<group>";
		};
		6D1B756618B7AF3A000D0B12 /* TaskEventViewController */ = {
			isa = PBXGroup;
			children = (
				6D1B756718B7AF4B000D0B12 /* DDTaskEventViewController.h */,
				6D1B756818B7AF4B000D0B12 /* DDTaskEventViewController.m */,
			);
			name = TaskEventViewController;
			sourceTree = "<group>";
		};
		6D29FBFD184282B40059AA35 /* EventView */ = {
			isa = PBXGroup;
			children = (
				6D29FBFE184282C90059AA35 /* DDEventView.h */,
				6D29FBFF184282C90059AA35 /* DDEventView.m */,
			);
			name = EventView;
			sourceTree = "<group>";
		};
		6D2E618018D0E95A001A971B /* EventManagerTableViewController */ = {
			isa = PBXGroup;
			children = (
				6D2E618118D0E976001A971B /* DDEventManagerTableViewController.h */,
				6D2E618218D0E976001A971B /* DDEventManagerTableViewController.m */,
			);
			name = EventManagerTableViewController;
			sourceTree = "<group>";
		};
		6D32CAE8189BDBC700FD2B3F /* HitogramView */ = {
			isa = PBXGroup;
			children = (
				6D32CAE9189BDBEB00FD2B3F /* DDHistogramView.h */,
				6D32CAEA189BDBEB00FD2B3F /* DDHistogramView.m */,
			);
			name = HitogramView;
			sourceTree = "<group>";
		};
		6D33D446189FA82A0057D168 /* SettingViewController */ = {
			isa = PBXGroup;
			children = (
				6D39975A19A737D2005AB9B0 /* MeteoViewController */,
				6D7E280F189F8F9500BCBA9F /* AwardViewController */,
				6DB8F1F719A5E18B00B22DB2 /* CustomColorViewController */,
				6D33D447189FA8460057D168 /* DDSettingViewController.h */,
				6D33D448189FA8460057D168 /* DDSettingViewController.m */,
			);
			name = SettingViewController;
			sourceTree = "<group>";
		};
		6D33D7431855D264001E1B3A /* PodiumViewController */ = {
			isa = PBXGroup;
			children = (
				6DBB44AD189B9CCD00A5AD66 /* PodiumViewController */,
				6D33D7441855D27F001E1B3A /* DDRootPodiumViewController.h */,
				6D33D7451855D27F001E1B3A /* DDRootPodiumViewController.m */,
			);
			name = PodiumViewController;
			sourceTree = "<group>";
		};
		6D39975A19A737D2005AB9B0 /* MeteoViewController */ = {
			isa = PBXGroup;
			children = (
				6D39975B19A737F8005AB9B0 /* DDMeteoViewController.h */,
				6D39975C19A737F8005AB9B0 /* DDMeteoViewController.m */,
			);
			name = MeteoViewController;
			sourceTree = "<group>";
		};
		6D3A26B518B7954500545FF2 /* CustomOccurenceCell */ = {
			isa = PBXGroup;
			children = (
				6D3A26B618B7956600545FF2 /* DDCustomOccurenceCell.h */,
				6D3A26B718B7956600545FF2 /* DDCustomOccurenceCell.m */,
			);
			name = CustomOccurenceCell;
			sourceTree = "<group>";
		};
		6D3A26B918B7A1DF00545FF2 /* CategoryEventViewController */ = {
			isa = PBXGroup;
			children = (
				6D1B756618B7AF3A000D0B12 /* TaskEventViewController */,
				6D3A26BA18B7A1FB00545FF2 /* DDCategoriesListEventViewController.h */,
				6D3A26BB18B7A1FB00545FF2 /* DDCategoriesListEventViewController.m */,
			);
			name = CategoryEventViewController;
			sourceTree = "<group>";
		};
		6D3CBC4A19A4D87C0067CBCF /* CustomColorPicker */ = {
			isa = PBXGroup;
			children = (
				6D3CBC4E19A4D9210067CBCF /* NKOColorPickerView.h */,
				6D3CBC4F19A4D9210067CBCF /* NKOColorPickerView.m */,
			);
			name = CustomColorPicker;
			sourceTree = "<group>";
		};
		6D46EB971843485600287ACC /* PlayerViewController */ = {
			isa = PBXGroup;
			children = (
				6DB8F1FB19A638D400B22DB2 /* RewardDetailViewController */,
				6D46EB981843486F00287ACC /* DDPlayerViewController.h */,
				6D46EB991843486F00287ACC /* DDPlayerViewController.m */,
				6D852D3D1843624300CA43EC /* RootTrophyViewController */,
				6D5549F11844F7E8009022C5 /* PlayerManagerViewController */,
			);
			name = PlayerViewController;
			sourceTree = "<group>";
		};
		6D4D429B19266BF2008A7B75 /* CustomButton */ = {
			isa = PBXGroup;
			children = (
				6D4D429C19266C0D008A7B75 /* DDCustomButton.h */,
				6D4D429D19266C0D008A7B75 /* DDCustomButton.m */,
			);
			name = CustomButton;
			sourceTree = "<group>";
		};
		6D5549ED1844ECAE009022C5 /* PopOverViewController */ = {
			isa = PBXGroup;
			children = (
				6D5549EE1844ECC7009022C5 /* DDPopOverViewController.h */,
				6D5549EF1844ECC7009022C5 /* DDPopOverViewController.m */,
			);
			name = PopOverViewController;
			sourceTree = "<group>";
		};
		6D5549F11844F7E8009022C5 /* PlayerManagerViewController */ = {
			isa = PBXGroup;
			children = (
				6D5549F21844F823009022C5 /* DDPlayerManagerViewController.h */,
				6D5549F31844F823009022C5 /* DDPlayerManagerViewController.m */,
			);
			name = PlayerManagerViewController;
			sourceTree = "<group>";
		};
		6D5E3D3418C36F10003BA0F2 /* EventInfoViewController */ = {
			isa = PBXGroup;
			children = (
				6D5E3D3518C36F2E003BA0F2 /* DDEventInfosViewController.h */,
				6D5E3D3618C36F2E003BA0F2 /* DDEventInfosViewController.m */,
			);
			name = EventInfoViewController;
			sourceTree = "<group>";
		};
		6D5E3D3818C37498003BA0F2 /* CustomEventCell */ = {
			isa = PBXGroup;
			children = (
				6D5E3D3918C374AF003BA0F2 /* DDCustomEventCell.h */,
				6D5E3D3A18C374AF003BA0F2 /* DDCustomEventCell.m */,
				6D837C6719AF2B9A0053E4C0 /* DDAddEventCell.h */,
				6D837C6819AF2B9A0053E4C0 /* DDAddEventCell.m */,
			);
			name = CustomEventCell;
			sourceTree = "<group>";
		};
		6D61F6601851DB9E00759AFC /* CategorieListViewController */ = {
			isa = PBXGroup;
			children = (
				6D61F6611851DBB600759AFC /* DDCategorieListViewController.h */,
				6D61F6621851DBB600759AFC /* DDCategorieListViewController.m */,
			);
			name = CategorieListViewController;
			sourceTree = "<group>";
		};
		6D61F6641851DBE100759AFC /* CustomCategoryListCell */ = {
			isa = PBXGroup;
			children = (
				6D61F6651851DC1400759AFC /* DDCustomCategoryListCell.h */,
				6D61F6661851DC1400759AFC /* DDCustomCategoryListCell.m */,
			);
			name = CustomCategoryListCell;
			sourceTree = "<group>";
		};
		6D62E882184799F000D376FA /* CustomNavigationBar */ = {
			isa = PBXGroup;
			children = (
				6D62E88318479AD500D376FA /* DDCustomNavigationBarController.h */,
				6D62E88418479AD500D376FA /* DDCustomNavigationBarController.m */,
			);
			name = CustomNavigationBar;
			sourceTree = "<group>";
		};
		6D6A1BF6184DDA4600319C71 /* Parser */ = {
			isa = PBXGroup;
			children = (
				6D6A1BF7184DDA6400319C71 /* DDParserXML.h */,
				6D6A1BF8184DDA6400319C71 /* DDParserXML.m */,
			);
			name = Parser;
			sourceTree = "<group>";
		};
		6D6B3EBC183CF75B009542A8 = {
			isa = PBXGroup;
			children = (
				6D32CAEF189BFF1200FD2B3F /* Images.xcassets */,
				6D6B3ECE183CF75B009542A8 /* iTaskFamily */,
				6D6B3EED183CF75C009542A8 /* iTaskFamilyTests */,
				6D6B3EC7183CF75B009542A8 /* Frameworks */,
				6D6B3EC6183CF75B009542A8 /* Products */,
			);
			sourceTree = "<group>";
		};
		6D6B3EC6183CF75B009542A8 /* Products */ = {
			isa = PBXGroup;
			children = (
				6D6B3EC5183CF75B009542A8 /* iTaskFamily.app */,
				6D6B3EE6183CF75C009542A8 /* iTaskFamilyTests.xctest */,
			);
			name = Products;
			sourceTree = "<group>";
		};
		6D6B3EC7183CF75B009542A8 /* Frameworks */ = {
			isa = PBXGroup;
			children = (
				6D8970D418489FF300F815CD /* AssetsLibrary.framework */,
				6DCE47C2183E12FF00D64363 /* Accelerate.framework */,
				6D6B3EC8183CF75B009542A8 /* Foundation.framework */,
				6D6B3ECA183CF75B009542A8 /* CoreGraphics.framework */,
				6D6B3ECC183CF75B009542A8 /* UIKit.framework */,
				6D6B3EE7183CF75C009542A8 /* XCTest.framework */,
			);
			name = Frameworks;
			sourceTree = "<group>";
		};
		6D6B3ECE183CF75B009542A8 /* iTaskFamily */ = {
			isa = PBXGroup;
			children = (
				6D6B3F00183CF8D5009542A8 /* Model */,
				6D6B3F06183CF995009542A8 /* Classes */,
				6D6B3EFD183CF896009542A8 /* Ressources */,
				6D6B3ED7183CF75B009542A8 /* DDAppDelegate.h */,
				6D6B3ED8183CF75B009542A8 /* DDAppDelegate.m */,
				6D6B3ECF183CF75B009542A8 /* Supporting Files */,
			);
			path = iTaskFamily;
			sourceTree = "<group>";
		};
		6D6B3ECF183CF75B009542A8 /* Supporting Files */ = {
			isa = PBXGroup;
			children = (
				6D6B3ED0183CF75B009542A8 /* iTaskFamily-Info.plist */,
				6D6B3ED1183CF75B009542A8 /* InfoPlist.strings */,
				6D6B3ED4183CF75B009542A8 /* main.m */,
				6D6B3ED6183CF75B009542A8 /* iTaskFamily-Prefix.pch */,
				6D39976419A7A411005AB9B0 /* Localizable.strings */,
			);
			name = "Supporting Files";
			sourceTree = "<group>";
		};
		6D6B3EED183CF75C009542A8 /* iTaskFamilyTests */ = {
			isa = PBXGroup;
			children = (
				6D6B3EF3183CF75C009542A8 /* iTaskFamilyTests.m */,
				6D6B3EEE183CF75C009542A8 /* Supporting Files */,
			);
			path = iTaskFamilyTests;
			sourceTree = "<group>";
		};
		6D6B3EEE183CF75C009542A8 /* Supporting Files */ = {
			isa = PBXGroup;
			children = (
				6D6B3EEF183CF75C009542A8 /* iTaskFamilyTests-Info.plist */,
				6D6B3EF0183CF75C009542A8 /* InfoPlist.strings */,
			);
			name = "Supporting Files";
			sourceTree = "<group>";
		};
		6D6B3EFD183CF896009542A8 /* Ressources */ = {
			isa = PBXGroup;
			children = (
				6D837C6C19AF8FD20053E4C0 /* Data.xml */,
				6D39976A19A7A687005AB9B0 /* Main.storyboard */,
			);
			name = Ressources;
			sourceTree = "<group>";
		};
		6D6B3EFE183CF8A9009542A8 /* ViewControllers */ = {
			isa = PBXGroup;
			children = (
				6DF00EC9184F413C00F8F3C5 /* PlayerListViewController */,
				6D8970DB1848DCF700F815CD /* CropperViewController */,
				6D8970C81848926500F815CD /* CustomImagePickerViewController */,
				6D62E882184799F000D376FA /* CustomNavigationBar */,
				6D5549ED1844ECAE009022C5 /* PopOverViewController */,
				6D6B3F0F183D10BB009542A8 /* RootViewController */,
				6D6B3F13183D2609009542A8 /* HomeViewController */,
				6D46EB971843485600287ACC /* PlayerViewController */,
				6DF00ED1184F8CF400F8F3C5 /* TaskViewController */,
				6D33D7431855D264001E1B3A /* PodiumViewController */,
				6D33D446189FA82A0057D168 /* SettingViewController */,
			);
			name = ViewControllers;
			sourceTree = "<group>";
		};
		6D6B3EFF183CF8BB009542A8 /* Views */ = {
			isa = PBXGroup;
			children = (
				6D32CAE8189BDBC700FD2B3F /* HitogramView */,
				6DC986F31850922000A5A65F /* ProgressView */,
				6D6B3F0B183D1044009542A8 /* MenuView */,
				6DCE47B6183E065400D64363 /* PlayerView */,
				6DCE47B2183E027700D64363 /* DateView */,
				6D9B323B183F60870038D7DB /* MeteoView */,
				6D29FBFD184282B40059AA35 /* EventView */,
			);
			name = Views;
			sourceTree = "<group>";
		};
		6D6B3F00183CF8D5009542A8 /* Model */ = {
			isa = PBXGroup;
			children = (
				6DC8501C197DB87F00DDBEF4 /* Entities */,
				6D6B3F01183CF92B009542A8 /* iTaskFamily.xcdatamodeld */,
				6D8970EA1848EF9900F815CD /* DDDatabaseManager.h */,
				6D8970EB1848EF9900F815CD /* DDDatabaseManager.m */,
				6D8970ED1848F1AB00F815CD /* DDDatabaseAccess.h */,
				6D8970EE1848F1AB00F815CD /* DDDatabaseAccess.m */,
			);
			name = Model;
			sourceTree = "<group>";
		};
		6D6B3F05183CF98C009542A8 /* Graphics */ = {
			isa = PBXGroup;
			children = (
			);
			name = Graphics;
			sourceTree = "<group>";
		};
		6D6B3F06183CF995009542A8 /* Classes */ = {
			isa = PBXGroup;
			children = (
				6D8970DA1848DCD700F815CD /* Cell */,
				6D6B3EFE183CF8A9009542A8 /* ViewControllers */,
				6D6B3EFF183CF8BB009542A8 /* Views */,
				6D6B3F05183CF98C009542A8 /* Graphics */,
				6D6B3F07183CF9F9009542A8 /* Others */,
			);
			name = Classes;
			sourceTree = "<group>";
		};
		6D6B3F07183CF9F9009542A8 /* Others */ = {
			isa = PBXGroup;
			children = (
				6D3CBC4A19A4D87C0067CBCF /* CustomColorPicker */,
				6D4D429B19266BF2008A7B75 /* CustomButton */,
				6DAE048118D086CC00F6765E /* CustomNotification */,
				6D030BA018CB8BAB00C3B95C /* CustomValidation */,
				6D94A6CD18C601360047045C /* CustomCheckbox */,
				6D6A1BF6184DDA4600319C71 /* Parser */,
				6D8970F01848F55300F815CD /* CustomAlertView */,
				6D8970E21848DDB300F815CD /* ImageCropper */,
				6D8970CC1848931300F815CD /* Categories */,
				6D9B323F183F99710038D7DB /* Weather */,
				6DCE47BE183E10CA00D64363 /* Helper */,
				6DCE47BA183E088C00D64363 /* Blur */,
				6D8970D0184899D400F815CD /* Singletons */,
				6D6B3F08183CFA11009542A8 /* DDConstant.h */,
				6D8970E31848DDC600F815CD /* BarrettMacros.h */,
			);
			name = Others;
			sourceTree = "<group>";
		};
		6D6B3F0B183D1044009542A8 /* MenuView */ = {
			isa = PBXGroup;
			children = (
				6D6B3F10183D116F009542A8 /* DDMenuView.h */,
				6D6B3F11183D116F009542A8 /* DDMenuView.m */,
			);
			name = MenuView;
			sourceTree = "<group>";
		};
		6D6B3F0F183D10BB009542A8 /* RootViewController */ = {
			isa = PBXGroup;
			children = (
				6D6B3EDD183CF75B009542A8 /* DDRootViewController.h */,
				6D6B3EDE183CF75B009542A8 /* DDRootViewController.m */,
			);
			name = RootViewController;
			sourceTree = "<group>";
		};
		6D6B3F13183D2609009542A8 /* HomeViewController */ = {
			isa = PBXGroup;
			children = (
				6D5E3D3418C36F10003BA0F2 /* EventInfoViewController */,
				6DCB2A8718B6175B000FDFCA /* EventManagerViewController */,
				6D6B3F14183D28D8009542A8 /* DDHomeViewController.h */,
				6D6B3F15183D28D8009542A8 /* DDHomeViewController.m */,
			);
			name = HomeViewController;
			sourceTree = "<group>";
		};
		6D7E280F189F8F9500BCBA9F /* AwardViewController */ = {
			isa = PBXGroup;
			children = (
				6D7E2810189F8FAB00BCBA9F /* DDAwardViewController.h */,
				6D7E2811189F8FAB00BCBA9F /* DDAwardViewController.m */,
			);
			name = AwardViewController;
			sourceTree = "<group>";
		};
		6D852D3D1843624300CA43EC /* RootTrophyViewController */ = {
			isa = PBXGroup;
			children = (
				6DCC0D52199E512A00CFA0E9 /* ListTrophyViewController */,
				6DB39C8F199D21D4004D3155 /* MainInformationTrophyViewController */,
				6D852D411843664800CA43EC /* DDRootTrophyViewController.h */,
				6D852D421843664800CA43EC /* DDRootTrophyViewController.m */,
			);
			name = RootTrophyViewController;
			sourceTree = "<group>";
		};
		6D8970C81848926500F815CD /* CustomImagePickerViewController */ = {
			isa = PBXGroup;
			children = (
				6D8970C91848928500F815CD /* DDCustomImagePickerViewController.h */,
				6D8970CA1848928500F815CD /* DDCustomImagePickerViewController.m */,
			);
			name = CustomImagePickerViewController;
			sourceTree = "<group>";
		};
		6D8970CC1848931300F815CD /* Categories */ = {
			isa = PBXGroup;
			children = (
				6D8970CD1848933500F815CD /* UIImage+CustomImage.h */,
				6D8970CE1848933500F815CD /* UIImage+CustomImage.m */,
			);
			name = Categories;
			sourceTree = "<group>";
		};
		6D8970D0184899D400F815CD /* Singletons */ = {
			isa = PBXGroup;
			children = (
				6D8970D118489A0C00F815CD /* DDManagerSingleton.h */,
				6D8970D218489A0C00F815CD /* DDManagerSingleton.m */,
			);
			name = Singletons;
			sourceTree = "<group>";
		};
		6D8970D91848C90300F815CD /* CustomCollectionViewCell */ = {
			isa = PBXGroup;
			children = (
				6D8970D61848C8F500F815CD /* DDCustomCollectionViewCell.h */,
				6D8970D71848C8F500F815CD /* DDCustomCollectionViewCell.m */,
			);
			name = CustomCollectionViewCell;
			sourceTree = "<group>";
		};
		6D8970DA1848DCD700F815CD /* Cell */ = {
			isa = PBXGroup;
			children = (
				6D5E3D3818C37498003BA0F2 /* CustomEventCell */,
				6D3A26B518B7954500545FF2 /* CustomOccurenceCell */,
				6D61F6641851DBE100759AFC /* CustomCategoryListCell */,
				6DF00ED9184F9E1E00F8F3C5 /* CustomCategoryCell */,
				6DF00ED5184F94FB00F8F3C5 /* CustomCategoryMiniatureCell */,
				6DF00ECD184F442800F8F3C5 /* CustomPlayerListCollectionViewCell */,
				6DDAE5D3184CFBE600B6DA70 /* CustomTrophyCell */,
				6D03B0AC184C972F00399A7D /* CustomPlayerMiniatureCell */,
				6D8970D91848C90300F815CD /* CustomCollectionViewCell */,
			);
			name = Cell;
			sourceTree = "<group>";
		};
		6D8970DB1848DCF700F815CD /* CropperViewController */ = {
			isa = PBXGroup;
			children = (
				6D8970DF1848DD2D00F815CD /* DDCropperController.h */,
				6D8970E01848DD2D00F815CD /* DDCropperController.m */,
			);
			name = CropperViewController;
			sourceTree = "<group>";
		};
		6D8970E21848DDB300F815CD /* ImageCropper */ = {
			isa = PBXGroup;
			children = (
				6D8970E41848DDC600F815CD /* DDImageCropper.h */,
				6D8970E51848DDC600F815CD /* DDImageCropper.m */,
			);
			name = ImageCropper;
			sourceTree = "<group>";
		};
		6D8970F01848F55300F815CD /* CustomAlertView */ = {
			isa = PBXGroup;
			children = (
				6D8970F11848F56B00F815CD /* DDCustomAlertView.h */,
				6D8970F21848F56B00F815CD /* DDCustomAlertView.m */,
			);
			name = CustomAlertView;
			sourceTree = "<group>";
		};
		6D94A6CD18C601360047045C /* CustomCheckbox */ = {
			isa = PBXGroup;
			children = (
				6D94A6CE18C601620047045C /* DDCustomCheckbox.h */,
				6D94A6CF18C601620047045C /* DDCustomCheckbox.m */,
			);
			name = CustomCheckbox;
			sourceTree = "<group>";
		};
		6D9B323B183F60870038D7DB /* MeteoView */ = {
			isa = PBXGroup;
			children = (
				6D9B323C183F60A60038D7DB /* DDMeteoView.h */,
				6D9B323D183F60A60038D7DB /* DDMeteoView.m */,
			);
			name = MeteoView;
			sourceTree = "<group>";
		};
		6D9B323F183F99710038D7DB /* Weather */ = {
			isa = PBXGroup;
			children = (
				6D9B3240183F99860038D7DB /* DDWeatherInfos.h */,
				6D9B3241183F99860038D7DB /* DDWeatherInfos.m */,
			);
			name = Weather;
			sourceTree = "<group>";
		};
		6DAE048118D086CC00F6765E /* CustomNotification */ = {
			isa = PBXGroup;
			children = (
				6DAE048218D086E100F6765E /* DDCustomButtonNotification.h */,
				6DAE048318D086E100F6765E /* DDCustomButtonNotification.m */,
			);
			name = CustomNotification;
			sourceTree = "<group>";
		};
		6DB39C8F199D21D4004D3155 /* MainInformationTrophyViewController */ = {
			isa = PBXGroup;
			children = (
				6DB39C90199D21F7004D3155 /* DDMainInformationTrophyViewController.h */,
				6DB39C91199D21F7004D3155 /* DDMainInformationTrophyViewController.m */,
			);
			name = MainInformationTrophyViewController;
			sourceTree = "<group>";
		};
		6DB8F1F719A5E18B00B22DB2 /* CustomColorViewController */ = {
			isa = PBXGroup;
			children = (
				6DB8F1F819A5E19F00B22DB2 /* DDCustomColorViewController.h */,
				6DB8F1F919A5E19F00B22DB2 /* DDCustomColorViewController.m */,
			);
			name = CustomColorViewController;
			sourceTree = "<group>";
		};
		6DB8F1FB19A638D400B22DB2 /* RewardDetailViewController */ = {
			isa = PBXGroup;
			children = (
				6DB8F1FC19A638F400B22DB2 /* DDRewardDetailViewController.h */,
				6DB8F1FD19A638F400B22DB2 /* DDRewardDetailViewController.m */,
			);
			name = RewardDetailViewController;
			sourceTree = "<group>";
		};
		6DBB44AD189B9CCD00A5AD66 /* PodiumViewController */ = {
			isa = PBXGroup;
			children = (
				6D32CAE5189B9FCC00FD2B3F /* DDPodiumViewController.h */,
				6D32CAE6189B9FCC00FD2B3F /* DDPodiumViewController.m */,
			);
			name = PodiumViewController;
			sourceTree = "<group>";
		};
		6DC8501C197DB87F00DDBEF4 /* Entities */ = {
			isa = PBXGroup;
			children = (
				6D87CE051937B92F000F6609 /* Achievement.h */,
				6D87CE061937B92F000F6609 /* Achievement.m */,
				6D9B3C20191BF45C0001C672 /* CategoryTask.h */,
				6D9B3C21191BF45C0001C672 /* CategoryTask.m */,
				6D9B3C2C191BF45D0001C672 /* CategoryTrophy.h */,
				6D9B3C2D191BF45D0001C672 /* CategoryTrophy.m */,
				6D4563D019752CC500FB668A /* Event.h */,
				6D4563D119752CC500FB668A /* Event.m */,
				6D9B3C26191BF45C0001C672 /* Player.h */,
				6D9B3C27191BF45C0001C672 /* Player.m */,
				6D4563CD19752CC400FB668A /* RecurrenceEnd.h */,
				6D4563CE19752CC400FB668A /* RecurrenceEnd.m */,
				6DEBDD2519A3B7F1006866DD /* Reward.h */,
				6DEBDD2619A3B7F1006866DD /* Reward.m */,
				6D9B3C17191BF45C0001C672 /* Task.h */,
				6D9B3C18191BF45C0001C672 /* Task.m */,
				6D9B3C1A191BF45C0001C672 /* Trophy.h */,
				6D9B3C1B191BF45C0001C672 /* Trophy.m */,
			);
			name = Entities;
			sourceTree = "<group>";
		};
		6DC986F31850922000A5A65F /* ProgressView */ = {
			isa = PBXGroup;
			children = (
				6DC986F4185092A200A5A65F /* DDCustomProgressBar.h */,
				6DC986F5185092A200A5A65F /* DDCustomProgressBar.m */,
			);
			name = ProgressView;
			sourceTree = "<group>";
		};
		6DC986F71850E88800A5A65F /* TaskManagerViewController */ = {
			isa = PBXGroup;
			children = (
				6DED092718D0EE28004F2F3D /* TaskManagerViewController */,
				6D61F6601851DB9E00759AFC /* CategorieListViewController */,
				6DC986F81850E89B00A5A65F /* DDTaskManagerViewController.h */,
				6DC986F91850E89B00A5A65F /* DDTaskManagerViewController.m */,
			);
			name = TaskManagerViewController;
			sourceTree = "<group>";
		};
		6DCB2A8718B6175B000FDFCA /* EventManagerViewController */ = {
			isa = PBXGroup;
			children = (
				6D2E618018D0E95A001A971B /* EventManagerTableViewController */,
				6D3A26B918B7A1DF00545FF2 /* CategoryEventViewController */,
				6DCB2A8B18B669F5000FDFCA /* OccurenceViewController */,
				6DCB2A8818B6177B000FDFCA /* DDEventManagerViewController.h */,
				6DCB2A8918B6177B000FDFCA /* DDEventManagerViewController.m */,
			);
			name = EventManagerViewController;
			sourceTree = "<group>";
		};
		6DCB2A8B18B669F5000FDFCA /* OccurenceViewController */ = {
			isa = PBXGroup;
			children = (
				6DCB2A8C18B66A0B000FDFCA /* DDOccurenceViewController.h */,
				6DCB2A8D18B66A0B000FDFCA /* DDOccurenceViewController.m */,
			);
			name = OccurenceViewController;
			sourceTree = "<group>";
		};
		6DCC0D52199E512A00CFA0E9 /* ListTrophyViewController */ = {
			isa = PBXGroup;
			children = (
				6DCC0D53199E513F00CFA0E9 /* DDListTrophyViewController.h */,
				6DCC0D54199E513F00CFA0E9 /* DDListTrophyViewController.m */,
			);
			name = ListTrophyViewController;
			sourceTree = "<group>";
		};
		6DCE47B2183E027700D64363 /* DateView */ = {
			isa = PBXGroup;
			children = (
				6DCE47B3183E029200D64363 /* DDDateView.h */,
				6DCE47B4183E029200D64363 /* DDDateView.m */,
			);
			name = DateView;
			sourceTree = "<group>";
		};
		6DCE47B6183E065400D64363 /* PlayerView */ = {
			isa = PBXGroup;
			children = (
				6DCE47B7183E066100D64363 /* DDPlayerView.h */,
				6DCE47B8183E066100D64363 /* DDPlayerView.m */,
			);
			name = PlayerView;
			sourceTree = "<group>";
		};
		6DCE47BA183E088C00D64363 /* Blur */ = {
			isa = PBXGroup;
			children = (
				6DCE47BB183E08AA00D64363 /* UIImage+ImageEffects.h */,
				6DCE47BC183E08AA00D64363 /* UIImage+ImageEffects.m */,
			);
			name = Blur;
			sourceTree = "<group>";
		};
		6DCE47BE183E10CA00D64363 /* Helper */ = {
			isa = PBXGroup;
			children = (
				6DCE47BF183E10E000D64363 /* DDHelperController.h */,
				6DCE47C0183E10E000D64363 /* DDHelperController.m */,
			);
			name = Helper;
			sourceTree = "<group>";
		};
		6DDAE5D3184CFBE600B6DA70 /* CustomTrophyCell */ = {
			isa = PBXGroup;
			children = (
				6DDAE5D4184CFBFF00B6DA70 /* DDTrophyCell.h */,
				6DDAE5D5184CFBFF00B6DA70 /* DDTrophyCell.m */,
			);
			name = CustomTrophyCell;
			sourceTree = "<group>";
		};
		6DED092718D0EE28004F2F3D /* TaskManagerViewController */ = {
			isa = PBXGroup;
			children = (
				6DED092818D0EE50004F2F3D /* DDTaskManagerTableViewController.h */,
				6DED092918D0EE50004F2F3D /* DDTaskManagerTableViewController.m */,
			);
			name = TaskManagerViewController;
			sourceTree = "<group>";
		};
		6DF00EC9184F413C00F8F3C5 /* PlayerListViewController */ = {
			isa = PBXGroup;
			children = (
				6DF00ECA184F416800F8F3C5 /* DDPlayerListViewController.h */,
				6DF00ECB184F416800F8F3C5 /* DDPlayerListViewController.m */,
			);
			name = PlayerListViewController;
			sourceTree = "<group>";
		};
		6DF00ECD184F442800F8F3C5 /* CustomPlayerListCollectionViewCell */ = {
			isa = PBXGroup;
			children = (
				6DF00ECE184F444E00F8F3C5 /* DDCustomPlayerListCollectionViewCell.h */,
				6DF00ECF184F444E00F8F3C5 /* DDCustomPlayerListCollectionViewCell.m */,
			);
			name = CustomPlayerListCollectionViewCell;
			sourceTree = "<group>";
		};
		6DF00ED1184F8CF400F8F3C5 /* TaskViewController */ = {
			isa = PBXGroup;
			children = (
				6DC986F71850E88800A5A65F /* TaskManagerViewController */,
				6DF00ED2184F8DE100F8F3C5 /* DDTaskViewController.h */,
				6DF00ED3184F8DE100F8F3C5 /* DDTaskViewController.m */,
			);
			name = TaskViewController;
			sourceTree = "<group>";
		};
		6DF00ED5184F94FB00F8F3C5 /* CustomCategoryMiniatureCell */ = {
			isa = PBXGroup;
			children = (
				6DF00ED6184F952100F8F3C5 /* DDCategoryMiniatureCollectionViewCell.h */,
				6DF00ED7184F952100F8F3C5 /* DDCategoryMiniatureCollectionViewCell.m */,
			);
			name = CustomCategoryMiniatureCell;
			sourceTree = "<group>";
		};
		6DF00ED9184F9E1E00F8F3C5 /* CustomCategoryCell */ = {
			isa = PBXGroup;
			children = (
				6DF00EDA184F9E3600F8F3C5 /* DDCustomCategoryCell.h */,
				6DF00EDB184F9E3600F8F3C5 /* DDCustomCategoryCell.m */,
			);
			name = CustomCategoryCell;
			sourceTree = "<group>";
		};
/* End PBXGroup section */

/* Begin PBXNativeTarget section */
		6D6B3EC4183CF75B009542A8 /* iTaskFamily */ = {
			isa = PBXNativeTarget;
			buildConfigurationList = 6D6B3EF7183CF75C009542A8 /* Build configuration list for PBXNativeTarget "iTaskFamily" */;
			buildPhases = (
				6D6B3EC1183CF75B009542A8 /* Sources */,
				6D6B3EC2183CF75B009542A8 /* Frameworks */,
				6D6B3EC3183CF75B009542A8 /* Resources */,
			);
			buildRules = (
			);
			dependencies = (
			);
			name = iTaskFamily;
			productName = iTaskFamily;
			productReference = 6D6B3EC5183CF75B009542A8 /* iTaskFamily.app */;
			productType = "com.apple.product-type.application";
		};
		6D6B3EE5183CF75C009542A8 /* iTaskFamilyTests */ = {
			isa = PBXNativeTarget;
			buildConfigurationList = 6D6B3EFA183CF75C009542A8 /* Build configuration list for PBXNativeTarget "iTaskFamilyTests" */;
			buildPhases = (
				6D6B3EE2183CF75C009542A8 /* Sources */,
				6D6B3EE3183CF75C009542A8 /* Frameworks */,
				6D6B3EE4183CF75C009542A8 /* Resources */,
			);
			buildRules = (
			);
			dependencies = (
				6D6B3EEC183CF75C009542A8 /* PBXTargetDependency */,
			);
			name = iTaskFamilyTests;
			productName = iTaskFamilyTests;
			productReference = 6D6B3EE6183CF75C009542A8 /* iTaskFamilyTests.xctest */;
			productType = "com.apple.product-type.bundle.unit-test";
		};
/* End PBXNativeTarget section */

/* Begin PBXProject section */
		6D6B3EBD183CF75B009542A8 /* Project object */ = {
			isa = PBXProject;
			attributes = {
				CLASSPREFIX = DD;
				LastUpgradeCheck = 0510;
				ORGANIZATIONNAME = "Damien DELES";
				TargetAttributes = {
					6D6B3EE5183CF75C009542A8 = {
						TestTargetID = 6D6B3EC4183CF75B009542A8;
					};
				};
			};
			buildConfigurationList = 6D6B3EC0183CF75B009542A8 /* Build configuration list for PBXProject "iTaskFamily" */;
			compatibilityVersion = "Xcode 3.2";
			developmentRegion = English;
			hasScannedForEncodings = 0;
			knownRegions = (
				en,
				Base,
				fr,
			);
			mainGroup = 6D6B3EBC183CF75B009542A8;
			productRefGroup = 6D6B3EC6183CF75B009542A8 /* Products */;
			projectDirPath = "";
			projectRoot = "";
			targets = (
				6D6B3EC4183CF75B009542A8 /* iTaskFamily */,
				6D6B3EE5183CF75C009542A8 /* iTaskFamilyTests */,
			);
		};
/* End PBXProject section */

/* Begin PBXResourcesBuildPhase section */
		6D6B3EC3183CF75B009542A8 /* Resources */ = {
			isa = PBXResourcesBuildPhase;
			buildActionMask = 2147483647;
			files = (
				6D39976219A7A411005AB9B0 /* Localizable.strings in Resources */,
				6D39976819A7A687005AB9B0 /* Main.storyboard in Resources */,
				6D32CAF0189BFF1200FD2B3F /* Images.xcassets in Resources */,
				6D837C6A19AF8FD20053E4C0 /* Data.xml in Resources */,
				6D6B3ED3183CF75B009542A8 /* InfoPlist.strings in Resources */,
			);
			runOnlyForDeploymentPostprocessing = 0;
		};
		6D6B3EE4183CF75C009542A8 /* Resources */ = {
			isa = PBXResourcesBuildPhase;
			buildActionMask = 2147483647;
			files = (
				6D6B3EF2183CF75C009542A8 /* InfoPlist.strings in Resources */,
			);
			runOnlyForDeploymentPostprocessing = 0;
		};
/* End PBXResourcesBuildPhase section */

/* Begin PBXSourcesBuildPhase section */
		6D6B3EC1183CF75B009542A8 /* Sources */ = {
			isa = PBXSourcesBuildPhase;
			buildActionMask = 2147483647;
			files = (
				6D4563D219752CC500FB668A /* Event.m in Sources */,
				6D9B3242183F99860038D7DB /* DDWeatherInfos.m in Sources */,
				6D9B3C19191BF45C0001C672 /* Task.m in Sources */,
				6D8970EF1848F1AB00F815CD /* DDDatabaseAccess.m in Sources */,
				6DED092A18D0EE50004F2F3D /* DDTaskManagerTableViewController.m in Sources */,
				6D03B0AF184C976800399A7D /* DDPlayerMiniatureCollectionViewCell.m in Sources */,
				6D9B3C22191BF45C0001C672 /* CategoryTask.m in Sources */,
				6D7E2812189F8FAB00BCBA9F /* DDAwardViewController.m in Sources */,
				6D61F6671851DC1400759AFC /* DDCustomCategoryListCell.m in Sources */,
				6D6B3ED9183CF75B009542A8 /* DDAppDelegate.m in Sources */,
				6D5E3D3718C36F2E003BA0F2 /* DDEventInfosViewController.m in Sources */,
				6D39975D19A737F8005AB9B0 /* DDMeteoViewController.m in Sources */,
				6DCB2A8A18B6177B000FDFCA /* DDEventManagerViewController.m in Sources */,
				6DCE47B9183E066100D64363 /* DDPlayerView.m in Sources */,
				6DF00ED8184F952100F8F3C5 /* DDCategoryMiniatureCollectionViewCell.m in Sources */,
				6D8970F31848F56B00F815CD /* DDCustomAlertView.m in Sources */,
				6D33D7461855D27F001E1B3A /* DDRootPodiumViewController.m in Sources */,
				6D6B3F16183D28D8009542A8 /* DDHomeViewController.m in Sources */,
				6DAE048418D086E100F6765E /* DDCustomButtonNotification.m in Sources */,
				6D62E88518479AD500D376FA /* DDCustomNavigationBarController.m in Sources */,
				6D6B3EDF183CF75B009542A8 /* DDRootViewController.m in Sources */,
				6D6B3F12183D116F009542A8 /* DDMenuView.m in Sources */,
				6D3A26B818B7956600545FF2 /* DDCustomOccurenceCell.m in Sources */,
				6D8970D318489A0C00F815CD /* DDManagerSingleton.m in Sources */,
				6D9B3C1C191BF45C0001C672 /* Trophy.m in Sources */,
				6D33D449189FA8460057D168 /* DDSettingViewController.m in Sources */,
				6D87CE071937B92F000F6609 /* Achievement.m in Sources */,
				6DF00ED4184F8DE100F8F3C5 /* DDTaskViewController.m in Sources */,
				6D5549F01844ECC7009022C5 /* DDPopOverViewController.m in Sources */,
				6D1B756918B7AF4B000D0B12 /* DDTaskEventViewController.m in Sources */,
				6DCE47BD183E08AA00D64363 /* UIImage+ImageEffects.m in Sources */,
				6DCB2A8E18B66A0B000FDFCA /* DDOccurenceViewController.m in Sources */,
				6D2E618318D0E976001A971B /* DDEventManagerTableViewController.m in Sources */,
				6D030BA318CB8BC900C3B95C /* DDCustomValidation.m in Sources */,
				6D4563CF19752CC400FB668A /* RecurrenceEnd.m in Sources */,
				6DB39C92199D21F7004D3155 /* DDMainInformationTrophyViewController.m in Sources */,
				6DF00ED0184F444E00F8F3C5 /* DDCustomPlayerListCollectionViewCell.m in Sources */,
				6D837C6919AF2B9A0053E4C0 /* DDAddEventCell.m in Sources */,
				6D3A26BC18B7A1FB00545FF2 /* DDCategoriesListEventViewController.m in Sources */,
				6D61F6631851DBB600759AFC /* DDCategorieListViewController.m in Sources */,
				6D46EB9A1843486F00287ACC /* DDPlayerViewController.m in Sources */,
				6D852D431843664800CA43EC /* DDRootTrophyViewController.m in Sources */,
				6D29FC00184282C90059AA35 /* DDEventView.m in Sources */,
				6D8970D81848C8F500F815CD /* DDCustomCollectionViewCell.m in Sources */,
				6D6B3F03183CF92B009542A8 /* iTaskFamily.xcdatamodeld in Sources */,
				6D32CAEB189BDBEB00FD2B3F /* DDHistogramView.m in Sources */,
				6DCE47C1183E10E000D64363 /* DDHelperController.m in Sources */,
				6DEBDD2719A3B7F1006866DD /* Reward.m in Sources */,
				6D6B3ED5183CF75B009542A8 /* main.m in Sources */,
				6DDAE5D6184CFBFF00B6DA70 /* DDTrophyCell.m in Sources */,
				6D9B323E183F60A60038D7DB /* DDMeteoView.m in Sources */,
				6D9B3C2E191BF45D0001C672 /* CategoryTrophy.m in Sources */,
				6DCE47B5183E029200D64363 /* DDDateView.m in Sources */,
				6D5549F41844F823009022C5 /* DDPlayerManagerViewController.m in Sources */,
				6DCC0D55199E513F00CFA0E9 /* DDListTrophyViewController.m in Sources */,
				6D4D429E19266C0D008A7B75 /* DDCustomButton.m in Sources */,
				6D6A1BF9184DDA6400319C71 /* DDParserXML.m in Sources */,
				6D3CBC5019A4D9210067CBCF /* NKOColorPickerView.m in Sources */,
				6D8970EC1848EF9900F815CD /* DDDatabaseManager.m in Sources */,
				6D94A6D018C601620047045C /* DDCustomCheckbox.m in Sources */,
				6D8970CF1848933500F815CD /* UIImage+CustomImage.m in Sources */,
				6D8970E61848DDC600F815CD /* DDImageCropper.m in Sources */,
				6D5E3D3B18C374AF003BA0F2 /* DDCustomEventCell.m in Sources */,
				6DB8F1FA19A5E19F00B22DB2 /* DDCustomColorViewController.m in Sources */,
				6DC986F6185092A200A5A65F /* DDCustomProgressBar.m in Sources */,
				6DC986FA1850E89B00A5A65F /* DDTaskManagerViewController.m in Sources */,
				6D8970CB1848928500F815CD /* DDCustomImagePickerViewController.m in Sources */,
				6D8970E11848DD2D00F815CD /* DDCropperController.m in Sources */,
				6D9B3C28191BF45C0001C672 /* Player.m in Sources */,
				6DF00ECC184F416800F8F3C5 /* DDPlayerListViewController.m in Sources */,
				6DB8F1FE19A638F400B22DB2 /* DDRewardDetailViewController.m in Sources */,
				6DF00EDC184F9E3600F8F3C5 /* DDCustomCategoryCell.m in Sources */,
				6D32CAE7189B9FCC00FD2B3F /* DDPodiumViewController.m in Sources */,
			);
			runOnlyForDeploymentPostprocessing = 0;
		};
		6D6B3EE2183CF75C009542A8 /* Sources */ = {
			isa = PBXSourcesBuildPhase;
			buildActionMask = 2147483647;
			files = (
				6D6B3EF4183CF75C009542A8 /* iTaskFamilyTests.m in Sources */,
			);
			runOnlyForDeploymentPostprocessing = 0;
		};
/* End PBXSourcesBuildPhase section */

/* Begin PBXTargetDependency section */
		6D6B3EEC183CF75C009542A8 /* PBXTargetDependency */ = {
			isa = PBXTargetDependency;
			target = 6D6B3EC4183CF75B009542A8 /* iTaskFamily */;
			targetProxy = 6D6B3EEB183CF75C009542A8 /* PBXContainerItemProxy */;
		};
/* End PBXTargetDependency section */

/* Begin PBXVariantGroup section */
		6D39976419A7A411005AB9B0 /* Localizable.strings */ = {
			isa = PBXVariantGroup;
			children = (
				6D39976619A7A422005AB9B0 /* fr */,
				6D5D665819ACE9F900E70B53 /* en */,
			);
			name = Localizable.strings;
			sourceTree = "<group>";
		};
		6D39976A19A7A687005AB9B0 /* Main.storyboard */ = {
			isa = PBXVariantGroup;
			children = (
				6D5D665919ACEB8200E70B53 /* Base */,
				6D837C6619AF261F0053E4C0 /* fr */,
			);
			name = Main.storyboard;
			sourceTree = "<group>";
		};
		6D6B3ED1183CF75B009542A8 /* InfoPlist.strings */ = {
			isa = PBXVariantGroup;
			children = (
				6D39976519A7A422005AB9B0 /* fr */,
				6D5D665719ACE9F900E70B53 /* en */,
			);
			name = InfoPlist.strings;
			sourceTree = "<group>";
		};
		6D6B3EF0183CF75C009542A8 /* InfoPlist.strings */ = {
			isa = PBXVariantGroup;
			children = (
				6D39976719A7A422005AB9B0 /* fr */,
			);
			name = InfoPlist.strings;
			sourceTree = "<group>";
		};
		6D837C6C19AF8FD20053E4C0 /* Data.xml */ = {
			isa = PBXVariantGroup;
			children = (
				6D837C6B19AF8FD20053E4C0 /* Base */,
				6D837C6D19AF8FDD0053E4C0 /* fr */,
			);
			name = Data.xml;
			sourceTree = "<group>";
		};
/* End PBXVariantGroup section */

/* Begin XCBuildConfiguration section */
		6D6B3EF5183CF75C009542A8 /* Debug */ = {
			isa = XCBuildConfiguration;
			buildSettings = {
				ALWAYS_SEARCH_USER_PATHS = NO;
				CLANG_CXX_LANGUAGE_STANDARD = "gnu++0x";
				CLANG_CXX_LIBRARY = "libc++";
				CLANG_ENABLE_MODULES = YES;
				CLANG_ENABLE_OBJC_ARC = YES;
				CLANG_WARN_BOOL_CONVERSION = YES;
				CLANG_WARN_CONSTANT_CONVERSION = YES;
				CLANG_WARN_DIRECT_OBJC_ISA_USAGE = YES_ERROR;
				CLANG_WARN_EMPTY_BODY = YES;
				CLANG_WARN_ENUM_CONVERSION = YES;
				CLANG_WARN_INT_CONVERSION = YES;
				CLANG_WARN_OBJC_ROOT_CLASS = YES_ERROR;
				CLANG_WARN__DUPLICATE_METHOD_MATCH = YES;
				CODE_SIGN_IDENTITY = "iPhone Developer";
				"CODE_SIGN_IDENTITY[sdk=iphoneos*]" = "iPhone Developer";
				COPY_PHASE_STRIP = NO;
				GCC_C_LANGUAGE_STANDARD = gnu99;
				GCC_DYNAMIC_NO_PIC = NO;
				GCC_OPTIMIZATION_LEVEL = 0;
				GCC_PREPROCESSOR_DEFINITIONS = (
					"DEBUG=1",
					"$(inherited)",
				);
				GCC_SYMBOLS_PRIVATE_EXTERN = NO;
				GCC_WARN_64_TO_32_BIT_CONVERSION = YES;
				GCC_WARN_ABOUT_RETURN_TYPE = YES_ERROR;
				GCC_WARN_UNDECLARED_SELECTOR = YES;
				GCC_WARN_UNINITIALIZED_AUTOS = YES;
				GCC_WARN_UNUSED_FUNCTION = YES;
				GCC_WARN_UNUSED_VARIABLE = YES;
				IPHONEOS_DEPLOYMENT_TARGET = 7.0;
				ONLY_ACTIVE_ARCH = YES;
				SDKROOT = iphoneos;
				TARGETED_DEVICE_FAMILY = 2;
			};
			name = Debug;
		};
		6D6B3EF6183CF75C009542A8 /* Release */ = {
			isa = XCBuildConfiguration;
			buildSettings = {
				ALWAYS_SEARCH_USER_PATHS = NO;
				CLANG_CXX_LANGUAGE_STANDARD = "gnu++0x";
				CLANG_CXX_LIBRARY = "libc++";
				CLANG_ENABLE_MODULES = YES;
				CLANG_ENABLE_OBJC_ARC = YES;
				CLANG_WARN_BOOL_CONVERSION = YES;
				CLANG_WARN_CONSTANT_CONVERSION = YES;
				CLANG_WARN_DIRECT_OBJC_ISA_USAGE = YES_ERROR;
				CLANG_WARN_EMPTY_BODY = YES;
				CLANG_WARN_ENUM_CONVERSION = YES;
				CLANG_WARN_INT_CONVERSION = YES;
				CLANG_WARN_OBJC_ROOT_CLASS = YES_ERROR;
				CLANG_WARN__DUPLICATE_METHOD_MATCH = YES;
				CODE_SIGN_IDENTITY = "iPhone Developer";
				"CODE_SIGN_IDENTITY[sdk=iphoneos*]" = "iPhone Developer";
				COPY_PHASE_STRIP = YES;
				ENABLE_NS_ASSERTIONS = NO;
				GCC_C_LANGUAGE_STANDARD = gnu99;
				GCC_WARN_64_TO_32_BIT_CONVERSION = YES;
				GCC_WARN_ABOUT_RETURN_TYPE = YES_ERROR;
				GCC_WARN_UNDECLARED_SELECTOR = YES;
				GCC_WARN_UNINITIALIZED_AUTOS = YES;
				GCC_WARN_UNUSED_FUNCTION = YES;
				GCC_WARN_UNUSED_VARIABLE = YES;
				IPHONEOS_DEPLOYMENT_TARGET = 7.0;
				SDKROOT = iphoneos;
				TARGETED_DEVICE_FAMILY = 2;
				VALIDATE_PRODUCT = YES;
			};
			name = Release;
		};
		6D6B3EF8183CF75C009542A8 /* Debug */ = {
			isa = XCBuildConfiguration;
			buildSettings = {
				ASSETCATALOG_COMPILER_APPICON_NAME = AppIcon;
				ASSETCATALOG_COMPILER_LAUNCHIMAGE_NAME = LaunchImage;
				GCC_PRECOMPILE_PREFIX_HEADER = YES;
				GCC_PREFIX_HEADER = "iTaskFamily/iTaskFamily-Prefix.pch";
				INFOPLIST_FILE = "iTaskFamily/iTaskFamily-Info.plist";
				IPHONEOS_DEPLOYMENT_TARGET = 6.0;
				PRODUCT_NAME = "$(TARGET_NAME)";
				WRAPPER_EXTENSION = app;
			};
			name = Debug;
		};
		6D6B3EF9183CF75C009542A8 /* Release */ = {
			isa = XCBuildConfiguration;
			buildSettings = {
				ASSETCATALOG_COMPILER_APPICON_NAME = AppIcon;
				ASSETCATALOG_COMPILER_LAUNCHIMAGE_NAME = LaunchImage;
				GCC_PRECOMPILE_PREFIX_HEADER = YES;
				GCC_PREFIX_HEADER = "iTaskFamily/iTaskFamily-Prefix.pch";
				INFOPLIST_FILE = "iTaskFamily/iTaskFamily-Info.plist";
				IPHONEOS_DEPLOYMENT_TARGET = 6.0;
				PRODUCT_NAME = "$(TARGET_NAME)";
				WRAPPER_EXTENSION = app;
			};
			name = Release;
		};
		6D6B3EFB183CF75C009542A8 /* Debug */ = {
			isa = XCBuildConfiguration;
			buildSettings = {
				BUNDLE_LOADER = "$(BUILT_PRODUCTS_DIR)/iTaskFamily.app/iTaskFamily";
				FRAMEWORK_SEARCH_PATHS = (
					"$(SDKROOT)/Developer/Library/Frameworks",
					"$(inherited)",
					"$(DEVELOPER_FRAMEWORKS_DIR)",
				);
				GCC_PRECOMPILE_PREFIX_HEADER = YES;
				GCC_PREFIX_HEADER = "iTaskFamily/iTaskFamily-Prefix.pch";
				GCC_PREPROCESSOR_DEFINITIONS = (
					"DEBUG=1",
					"$(inherited)",
				);
				INFOPLIST_FILE = "iTaskFamilyTests/iTaskFamilyTests-Info.plist";
				PRODUCT_NAME = "$(TARGET_NAME)";
				TEST_HOST = "$(BUNDLE_LOADER)";
				WRAPPER_EXTENSION = xctest;
			};
			name = Debug;
		};
		6D6B3EFC183CF75C009542A8 /* Release */ = {
			isa = XCBuildConfiguration;
			buildSettings = {
				BUNDLE_LOADER = "$(BUILT_PRODUCTS_DIR)/iTaskFamily.app/iTaskFamily";
				FRAMEWORK_SEARCH_PATHS = (
					"$(SDKROOT)/Developer/Library/Frameworks",
					"$(inherited)",
					"$(DEVELOPER_FRAMEWORKS_DIR)",
				);
				GCC_PRECOMPILE_PREFIX_HEADER = YES;
				GCC_PREFIX_HEADER = "iTaskFamily/iTaskFamily-Prefix.pch";
				INFOPLIST_FILE = "iTaskFamilyTests/iTaskFamilyTests-Info.plist";
				PRODUCT_NAME = "$(TARGET_NAME)";
				TEST_HOST = "$(BUNDLE_LOADER)";
				WRAPPER_EXTENSION = xctest;
			};
			name = Release;
		};
/* End XCBuildConfiguration section */

/* Begin XCConfigurationList section */
		6D6B3EC0183CF75B009542A8 /* Build configuration list for PBXProject "iTaskFamily" */ = {
			isa = XCConfigurationList;
			buildConfigurations = (
				6D6B3EF5183CF75C009542A8 /* Debug */,
				6D6B3EF6183CF75C009542A8 /* Release */,
			);
			defaultConfigurationIsVisible = 0;
			defaultConfigurationName = Release;
		};
		6D6B3EF7183CF75C009542A8 /* Build configuration list for PBXNativeTarget "iTaskFamily" */ = {
			isa = XCConfigurationList;
			buildConfigurations = (
				6D6B3EF8183CF75C009542A8 /* Debug */,
				6D6B3EF9183CF75C009542A8 /* Release */,
			);
			defaultConfigurationIsVisible = 0;
			defaultConfigurationName = Release;
		};
		6D6B3EFA183CF75C009542A8 /* Build configuration list for PBXNativeTarget "iTaskFamilyTests" */ = {
			isa = XCConfigurationList;
			buildConfigurations = (
				6D6B3EFB183CF75C009542A8 /* Debug */,
				6D6B3EFC183CF75C009542A8 /* Release */,
			);
			defaultConfigurationIsVisible = 0;
			defaultConfigurationName = Release;
		};
/* End XCConfigurationList section */

/* Begin XCVersionGroup section */
		6D6B3F01183CF92B009542A8 /* iTaskFamily.xcdatamodeld */ = {
			isa = XCVersionGroup;
			children = (
				6D6B3F02183CF92B009542A8 /* iTaskFamily.xcdatamodel */,
			);
			currentVersion = 6D6B3F02183CF92B009542A8 /* iTaskFamily.xcdatamodel */;
			path = iTaskFamily.xcdatamodeld;
			sourceTree = "<group>";
			versionGroupType = wrapper.xcdatamodel;
		};
/* End XCVersionGroup section */
	};
	rootObject = 6D6B3EBD183CF75B009542A8 /* Project object */;
}
